
Microsoft Visual Studio Solution File, Format Version 12.00
# Visual Studio 15
VisualStudioVersion = 15.0.27703.2035
MinimumVisualStudioVersion = 10.0.40219.1
Project("{FAE04EC0-301F-11D3-BF4B-00C04F79EFBC}") = "TaskOne", "TaskOne\TaskOne.csproj", "{1BA29BB2-CD61-416D-9AD0-9BE322703374}"
EndProject
Project("{FAE04EC0-301F-11D3-BF4B-00C04F79EFBC}") = "TaskTwo", "TaskTwo\TaskTwo.csproj", "{1027C7F3-0D24-4853-9796-2C8997479CE7}"
EndProject
Project("{FAE04EC0-301F-11D3-BF4B-00C04F79EFBC}") = "TaskThree", "TaskThree\TaskThree.csproj", "{A124E245-C856-4138-9333-1E35C61B6523}"
EndProject
Project("{FAE04EC0-301F-11D3-BF4B-00C04F79EFBC}") = "ConsoleApp1asdasd", "ConsoleApp1asdasd\ConsoleApp1asdasd.csproj", "{43DD408A-8BA1-4F34-ABF0-B4036E8E56AE}"
EndProject
Project("{FAE04EC0-301F-11D3-BF4B-00C04F79EFBC}") = "TaskTHree123", "TaskTHree123\TaskTHree123.csproj", "{D0CB1D8F-FF2C-486C-9003-293CFC51120B}"
EndProject
Global
	GlobalSection(SolutionConfigurationPlatforms) = preSolution
		Debug|Any CPU = Debug|Any CPU
		Release|Any CPU = Release|Any CPU
	EndGlobalSection
	GlobalSection(ProjectConfigurationPlatforms) = postSolution
		{1BA29BB2-CD61-416D-9AD0-9BE322703374}.Debug|Any CPU.ActiveCfg = Debug|Any CPU
		{1BA29BB2-CD61-416D-9AD0-9BE322703374}.Debug|Any CPU.Build.0 = Debug|Any CPU
		{1BA29BB2-CD61-416D-9AD0-9BE322703374}.Release|Any CPU.ActiveCfg = Release|Any CPU
		{1BA29BB2-CD61-416D-9AD0-9BE322703374}.Release|Any CPU.Build.0 = Release|Any CPU
		{1027C7F3-0D24-4853-9796-2C8997479CE7}.Debug|Any CPU.ActiveCfg = Debug|Any CPU
		{1027C7F3-0D24-4853-9796-2C8997479CE7}.Debug|Any CPU.Build.0 = Debug|Any CPU
		{1027C7F3-0D24-4853-9796-2C8997479CE7}.Release|Any CPU.ActiveCfg = Release|Any CPU
		{1027C7F3-0D24-4853-9796-2C8997479CE7}.Release|Any CPU.Build.0 = Release|Any CPU
		{A124E245-C856-4138-9333-1E35C61B6523}.Debug|Any CPU.ActiveCfg = Debug|Any CPU
		{A124E245-C856-4138-9333-1E35C61B6523}.Debug|Any CPU.Build.0 = Debug|Any CPU
		{A124E245-C856-4138-9333-1E35C61B6523}.Release|Any CPU.ActiveCfg = Release|Any CPU
		{A124E245-C856-4138-9333-1E35C61B6523}.Release|Any CPU.Build.0 = Release|Any CPU
		{43DD408A-8BA1-4F34-ABF0-B4036E8E56AE}.Debug|Any CPU.ActiveCfg = Debug|Any CPU
		{43DD408A-8BA1-4F34-ABF0-B4036E8E56AE}.Debug|Any CPU.Build.0 = Debug|Any CPU
		{43DD408A-8BA1-4F34-ABF0-B4036E8E56AE}.Release|Any CPU.ActiveCfg = Release|Any CPU
		{43DD408A-8BA1-4F34-ABF0-B4036E8E56AE}.Release|Any CPU.Build.0 = Release|Any CPU
		{D0CB1D8F-FF2C-486C-9003-293CFC51120B}.Debug|Any CPU.ActiveCfg = Debug|Any CPU
		{D0CB1D8F-FF2C-486C-9003-293CFC51120B}.Debug|Any CPU.Build.0 = Debug|Any CPU
		{D0CB1D8F-FF2C-486C-9003-293CFC51120B}.Release|Any CPU.ActiveCfg = Release|Any CPU
		{D0CB1D8F-FF2C-486C-9003-293CFC51120B}.Release|Any CPU.Build.0 = Release|Any CPU
	EndGlobalSection
	GlobalSection(SolutionProperties) = preSolution
		HideSolutionNode = FALSE
	EndGlobalSection
	GlobalSection(ExtensibilityGlobals) = postSolution
		SolutionGuid = {9AA632DB-EE4D-44B0-B6CF-35F7A8E43CC3}
	EndGlobalSection
EndGlobal
