
Microsoft Visual Studio Solution File, Format Version 12.00
# Visual Studio 15
VisualStudioVersion = 15.0.26730.8
MinimumVisualStudioVersion = 10.0.40219.1
Project("{FAE04EC0-301F-11D3-BF4B-00C04F79EFBC}") = "ConsoleApp7", "ConsoleApp7\ConsoleApp7.csproj", "{D32E165F-D622-4A48-B8C9-8DC71B94626D}"
EndProject
Project("{FAE04EC0-301F-11D3-BF4B-00C04F79EFBC}") = "ConsoleApp1", "ConsoleApp1\ConsoleApp1.csproj", "{E397CE45-BCD6-4178-A1E2-4267EC560643}"
EndProject
Project("{FAE04EC0-301F-11D3-BF4B-00C04F79EFBC}") = "ConsoleApp2", "ConsoleApp2\ConsoleApp2.csproj", "{960A2CC9-3C94-4C7C-9386-F6A9166CD989}"
EndProject
Project("{FAE04EC0-301F-11D3-BF4B-00C04F79EFBC}") = "ConsoleApp3", "ConsoleApp3\ConsoleApp3.csproj", "{6ACDE4FB-E53B-4941-A565-E8E980A0810C}"
EndProject
Project("{FAE04EC0-301F-11D3-BF4B-00C04F79EFBC}") = "ConsoleApp4", "ConsoleApp4\ConsoleApp4.csproj", "{7E8ADE53-64B0-4DBE-8BFA-B8F9268E57B5}"
EndProject
Project("{FAE04EC0-301F-11D3-BF4B-00C04F79EFBC}") = "ConsoleApp5", "ConsoleApp5\ConsoleApp5.csproj", "{972D86B0-672B-4FB2-82EA-740BD2104D2A}"
EndProject
Project("{FAE04EC0-301F-11D3-BF4B-00C04F79EFBC}") = "ConsoleApp6", "ConsoleApp6\ConsoleApp6.csproj", "{33FEA963-B1E1-4A36-9014-EFBEA009DDF8}"
EndProject
Project("{FAE04EC0-301F-11D3-BF4B-00C04F79EFBC}") = "ConsoleApp8", "ConsoleApp8\ConsoleApp8.csproj", "{D2681362-8CC5-4ADE-AEA5-F32122190462}"
EndProject
Project("{FAE04EC0-301F-11D3-BF4B-00C04F79EFBC}") = "ConsoleApp9", "ConsoleApp9\ConsoleApp9.csproj", "{72F29A5D-590D-47C3-BD76-73F66F420069}"
EndProject
Project("{FAE04EC0-301F-11D3-BF4B-00C04F79EFBC}") = "ConsoleApp10", "ConsoleApp10\ConsoleApp10.csproj", "{B637C265-A41E-4C6D-8C1F-74438A74DA74}"
EndProject
Project("{FAE04EC0-301F-11D3-BF4B-00C04F79EFBC}") = "ConsoleApp11", "ConsoleApp11\ConsoleApp11.csproj", "{F599E007-D581-4CFB-8094-D865A640468B}"
EndProject
Project("{FAE04EC0-301F-11D3-BF4B-00C04F79EFBC}") = "ConsoleApp12", "ConsoleApp12\ConsoleApp12.csproj", "{955D7C3C-BB4E-4796-B783-4B338CF7E253}"
EndProject
Project("{FAE04EC0-301F-11D3-BF4B-00C04F79EFBC}") = "ConsoleApp13", "ConsoleApp13\ConsoleApp13.csproj", "{FE2CCF4B-0166-4CDF-8D5C-A974240B8CD1}"
EndProject
Global
	GlobalSection(SolutionConfigurationPlatforms) = preSolution
		Debug|Any CPU = Debug|Any CPU
		Release|Any CPU = Release|Any CPU
	EndGlobalSection
	GlobalSection(ProjectConfigurationPlatforms) = postSolution
		{D32E165F-D622-4A48-B8C9-8DC71B94626D}.Debug|Any CPU.ActiveCfg = Debug|Any CPU
		{D32E165F-D622-4A48-B8C9-8DC71B94626D}.Debug|Any CPU.Build.0 = Debug|Any CPU
		{D32E165F-D622-4A48-B8C9-8DC71B94626D}.Release|Any CPU.ActiveCfg = Release|Any CPU
		{D32E165F-D622-4A48-B8C9-8DC71B94626D}.Release|Any CPU.Build.0 = Release|Any CPU
		{E397CE45-BCD6-4178-A1E2-4267EC560643}.Debug|Any CPU.ActiveCfg = Debug|Any CPU
		{E397CE45-BCD6-4178-A1E2-4267EC560643}.Debug|Any CPU.Build.0 = Debug|Any CPU
		{E397CE45-BCD6-4178-A1E2-4267EC560643}.Release|Any CPU.ActiveCfg = Release|Any CPU
		{E397CE45-BCD6-4178-A1E2-4267EC560643}.Release|Any CPU.Build.0 = Release|Any CPU
		{960A2CC9-3C94-4C7C-9386-F6A9166CD989}.Debug|Any CPU.ActiveCfg = Debug|Any CPU
		{960A2CC9-3C94-4C7C-9386-F6A9166CD989}.Debug|Any CPU.Build.0 = Debug|Any CPU
		{960A2CC9-3C94-4C7C-9386-F6A9166CD989}.Release|Any CPU.ActiveCfg = Release|Any CPU
		{960A2CC9-3C94-4C7C-9386-F6A9166CD989}.Release|Any CPU.Build.0 = Release|Any CPU
		{6ACDE4FB-E53B-4941-A565-E8E980A0810C}.Debug|Any CPU.ActiveCfg = Debug|Any CPU
		{6ACDE4FB-E53B-4941-A565-E8E980A0810C}.Debug|Any CPU.Build.0 = Debug|Any CPU
		{6ACDE4FB-E53B-4941-A565-E8E980A0810C}.Release|Any CPU.ActiveCfg = Release|Any CPU
		{6ACDE4FB-E53B-4941-A565-E8E980A0810C}.Release|Any CPU.Build.0 = Release|Any CPU
		{7E8ADE53-64B0-4DBE-8BFA-B8F9268E57B5}.Debug|Any CPU.ActiveCfg = Debug|Any CPU
		{7E8ADE53-64B0-4DBE-8BFA-B8F9268E57B5}.Debug|Any CPU.Build.0 = Debug|Any CPU
		{7E8ADE53-64B0-4DBE-8BFA-B8F9268E57B5}.Release|Any CPU.ActiveCfg = Release|Any CPU
		{7E8ADE53-64B0-4DBE-8BFA-B8F9268E57B5}.Release|Any CPU.Build.0 = Release|Any CPU
		{972D86B0-672B-4FB2-82EA-740BD2104D2A}.Debug|Any CPU.ActiveCfg = Debug|Any CPU
		{972D86B0-672B-4FB2-82EA-740BD2104D2A}.Debug|Any CPU.Build.0 = Debug|Any CPU
		{972D86B0-672B-4FB2-82EA-740BD2104D2A}.Release|Any CPU.ActiveCfg = Release|Any CPU
		{972D86B0-672B-4FB2-82EA-740BD2104D2A}.Release|Any CPU.Build.0 = Release|Any CPU
		{33FEA963-B1E1-4A36-9014-EFBEA009DDF8}.Debug|Any CPU.ActiveCfg = Debug|Any CPU
		{33FEA963-B1E1-4A36-9014-EFBEA009DDF8}.Debug|Any CPU.Build.0 = Debug|Any CPU
		{33FEA963-B1E1-4A36-9014-EFBEA009DDF8}.Release|Any CPU.ActiveCfg = Release|Any CPU
		{33FEA963-B1E1-4A36-9014-EFBEA009DDF8}.Release|Any CPU.Build.0 = Release|Any CPU
		{D2681362-8CC5-4ADE-AEA5-F32122190462}.Debug|Any CPU.ActiveCfg = Debug|Any CPU
		{D2681362-8CC5-4ADE-AEA5-F32122190462}.Debug|Any CPU.Build.0 = Debug|Any CPU
		{D2681362-8CC5-4ADE-AEA5-F32122190462}.Release|Any CPU.ActiveCfg = Release|Any CPU
		{D2681362-8CC5-4ADE-AEA5-F32122190462}.Release|Any CPU.Build.0 = Release|Any CPU
		{72F29A5D-590D-47C3-BD76-73F66F420069}.Debug|Any CPU.ActiveCfg = Debug|Any CPU
		{72F29A5D-590D-47C3-BD76-73F66F420069}.Debug|Any CPU.Build.0 = Debug|Any CPU
		{72F29A5D-590D-47C3-BD76-73F66F420069}.Release|Any CPU.ActiveCfg = Release|Any CPU
		{72F29A5D-590D-47C3-BD76-73F66F420069}.Release|Any CPU.Build.0 = Release|Any CPU
		{B637C265-A41E-4C6D-8C1F-74438A74DA74}.Debug|Any CPU.ActiveCfg = Debug|Any CPU
		{B637C265-A41E-4C6D-8C1F-74438A74DA74}.Debug|Any CPU.Build.0 = Debug|Any CPU
		{B637C265-A41E-4C6D-8C1F-74438A74DA74}.Release|Any CPU.ActiveCfg = Release|Any CPU
		{B637C265-A41E-4C6D-8C1F-74438A74DA74}.Release|Any CPU.Build.0 = Release|Any CPU
		{F599E007-D581-4CFB-8094-D865A640468B}.Debug|Any CPU.ActiveCfg = Debug|Any CPU
		{F599E007-D581-4CFB-8094-D865A640468B}.Debug|Any CPU.Build.0 = Debug|Any CPU
		{F599E007-D581-4CFB-8094-D865A640468B}.Release|Any CPU.ActiveCfg = Release|Any CPU
		{F599E007-D581-4CFB-8094-D865A640468B}.Release|Any CPU.Build.0 = Release|Any CPU
		{955D7C3C-BB4E-4796-B783-4B338CF7E253}.Debug|Any CPU.ActiveCfg = Debug|Any CPU
		{955D7C3C-BB4E-4796-B783-4B338CF7E253}.Debug|Any CPU.Build.0 = Debug|Any CPU
		{955D7C3C-BB4E-4796-B783-4B338CF7E253}.Release|Any CPU.ActiveCfg = Release|Any CPU
		{955D7C3C-BB4E-4796-B783-4B338CF7E253}.Release|Any CPU.Build.0 = Release|Any CPU
		{FE2CCF4B-0166-4CDF-8D5C-A974240B8CD1}.Debug|Any CPU.ActiveCfg = Debug|Any CPU
		{FE2CCF4B-0166-4CDF-8D5C-A974240B8CD1}.Debug|Any CPU.Build.0 = Debug|Any CPU
		{FE2CCF4B-0166-4CDF-8D5C-A974240B8CD1}.Release|Any CPU.ActiveCfg = Release|Any CPU
		{FE2CCF4B-0166-4CDF-8D5C-A974240B8CD1}.Release|Any CPU.Build.0 = Release|Any CPU
	EndGlobalSection
	GlobalSection(SolutionProperties) = preSolution
		HideSolutionNode = FALSE
	EndGlobalSection
	GlobalSection(ExtensibilityGlobals) = postSolution
		SolutionGuid = {4BDAB4C7-C072-45C8-9C52-1B5C5BAD4666}
	EndGlobalSection
EndGlobal
