
Microsoft Visual Studio Solution File, Format Version 12.00
# Visual Studio 15
VisualStudioVersion = 15.0.27703.2035
MinimumVisualStudioVersion = 10.0.40219.1
Project("{FAE04EC0-301F-11D3-BF4B-00C04F79EFBC}") = "EncrptSortPrint", "EncrptSortPrint\EncrptSortPrint.csproj", "{6A294154-8028-4E48-A9CB-8AFB6858219E}"
EndProject
Project("{FAE04EC0-301F-11D3-BF4B-00C04F79EFBC}") = "PascalTriangle", "PascalTriangle\PascalTriangle.csproj", "{C6697215-2DA1-40B5-9A9C-811FC18DE082}"
EndProject
Project("{FAE04EC0-301F-11D3-BF4B-00C04F79EFBC}") = "Fibonnaci", "Fibonnaci\Fibonnaci.csproj", "{A77386FC-98A0-4C9D-A891-822F5003B8B1}"
EndProject
Global
	GlobalSection(SolutionConfigurationPlatforms) = preSolution
		Debug|Any CPU = Debug|Any CPU
		Release|Any CPU = Release|Any CPU
	EndGlobalSection
	GlobalSection(ProjectConfigurationPlatforms) = postSolution
		{6A294154-8028-4E48-A9CB-8AFB6858219E}.Debug|Any CPU.ActiveCfg = Debug|Any CPU
		{6A294154-8028-4E48-A9CB-8AFB6858219E}.Debug|Any CPU.Build.0 = Debug|Any CPU
		{6A294154-8028-4E48-A9CB-8AFB6858219E}.Release|Any CPU.ActiveCfg = Release|Any CPU
		{6A294154-8028-4E48-A9CB-8AFB6858219E}.Release|Any CPU.Build.0 = Release|Any CPU
		{C6697215-2DA1-40B5-9A9C-811FC18DE082}.Debug|Any CPU.ActiveCfg = Debug|Any CPU
		{C6697215-2DA1-40B5-9A9C-811FC18DE082}.Debug|Any CPU.Build.0 = Debug|Any CPU
		{C6697215-2DA1-40B5-9A9C-811FC18DE082}.Release|Any CPU.ActiveCfg = Release|Any CPU
		{C6697215-2DA1-40B5-9A9C-811FC18DE082}.Release|Any CPU.Build.0 = Release|Any CPU
		{A77386FC-98A0-4C9D-A891-822F5003B8B1}.Debug|Any CPU.ActiveCfg = Debug|Any CPU
		{A77386FC-98A0-4C9D-A891-822F5003B8B1}.Debug|Any CPU.Build.0 = Debug|Any CPU
		{A77386FC-98A0-4C9D-A891-822F5003B8B1}.Release|Any CPU.ActiveCfg = Release|Any CPU
		{A77386FC-98A0-4C9D-A891-822F5003B8B1}.Release|Any CPU.Build.0 = Release|Any CPU
	EndGlobalSection
	GlobalSection(SolutionProperties) = preSolution
		HideSolutionNode = FALSE
	EndGlobalSection
	GlobalSection(ExtensibilityGlobals) = postSolution
		SolutionGuid = {02C82C5D-FB2B-4656-8547-4F0A37A7C491}
	EndGlobalSection
EndGlobal
