
Microsoft Visual Studio Solution File, Format Version 12.00
# Visual Studio 15
VisualStudioVersion = 15.0.27703.2035
MinimumVisualStudioVersion = 10.0.40219.1
Project("{9A19103F-16F7-4668-BE54-9A1E7A4F7556}") = "SortEvenNumbers", "SortEvenNumbers\SortEvenNumbers.csproj", "{715ECE74-ABD7-4FAB-AF9B-32503B4B5C74}"
EndProject
Project("{FAE04EC0-301F-11D3-BF4B-00C04F79EFBC}") = "CountUppercaseWords", "CountUppercaseWords\CountUppercaseWords.csproj", "{FF536572-B40D-470E-8833-790EF62E4E4C}"
EndProject
Project("{FAE04EC0-301F-11D3-BF4B-00C04F79EFBC}") = "AddVat", "AddVat\AddVat.csproj", "{B333FF7C-6E42-44D2-916A-33CA5C041059}"
EndProject
Project("{FAE04EC0-301F-11D3-BF4B-00C04F79EFBC}") = "FilterByAge", "FilterByAge\FilterByAge.csproj", "{89EB731D-5B69-43BB-AE53-C26155D69882}"
EndProject
Global
	GlobalSection(SolutionConfigurationPlatforms) = preSolution
		Debug|Any CPU = Debug|Any CPU
		Release|Any CPU = Release|Any CPU
	EndGlobalSection
	GlobalSection(ProjectConfigurationPlatforms) = postSolution
		{715ECE74-ABD7-4FAB-AF9B-32503B4B5C74}.Debug|Any CPU.ActiveCfg = Debug|Any CPU
		{715ECE74-ABD7-4FAB-AF9B-32503B4B5C74}.Debug|Any CPU.Build.0 = Debug|Any CPU
		{715ECE74-ABD7-4FAB-AF9B-32503B4B5C74}.Release|Any CPU.ActiveCfg = Release|Any CPU
		{715ECE74-ABD7-4FAB-AF9B-32503B4B5C74}.Release|Any CPU.Build.0 = Release|Any CPU
		{FF536572-B40D-470E-8833-790EF62E4E4C}.Debug|Any CPU.ActiveCfg = Debug|Any CPU
		{FF536572-B40D-470E-8833-790EF62E4E4C}.Debug|Any CPU.Build.0 = Debug|Any CPU
		{FF536572-B40D-470E-8833-790EF62E4E4C}.Release|Any CPU.ActiveCfg = Release|Any CPU
		{FF536572-B40D-470E-8833-790EF62E4E4C}.Release|Any CPU.Build.0 = Release|Any CPU
		{B333FF7C-6E42-44D2-916A-33CA5C041059}.Debug|Any CPU.ActiveCfg = Debug|Any CPU
		{B333FF7C-6E42-44D2-916A-33CA5C041059}.Debug|Any CPU.Build.0 = Debug|Any CPU
		{B333FF7C-6E42-44D2-916A-33CA5C041059}.Release|Any CPU.ActiveCfg = Release|Any CPU
		{B333FF7C-6E42-44D2-916A-33CA5C041059}.Release|Any CPU.Build.0 = Release|Any CPU
		{89EB731D-5B69-43BB-AE53-C26155D69882}.Debug|Any CPU.ActiveCfg = Debug|Any CPU
		{89EB731D-5B69-43BB-AE53-C26155D69882}.Debug|Any CPU.Build.0 = Debug|Any CPU
		{89EB731D-5B69-43BB-AE53-C26155D69882}.Release|Any CPU.ActiveCfg = Release|Any CPU
		{89EB731D-5B69-43BB-AE53-C26155D69882}.Release|Any CPU.Build.0 = Release|Any CPU
	EndGlobalSection
	GlobalSection(SolutionProperties) = preSolution
		HideSolutionNode = FALSE
	EndGlobalSection
	GlobalSection(ExtensibilityGlobals) = postSolution
		SolutionGuid = {7D82CDD7-EA84-4485-8BF8-0362CC97F9D8}
	EndGlobalSection
EndGlobal
