
Microsoft Visual Studio Solution File, Format Version 12.00
# Visual Studio 15
VisualStudioVersion = 15.0.27703.2035
MinimumVisualStudioVersion = 10.0.40219.1
Project("{FAE04EC0-301F-11D3-BF4B-00C04F79EFBC}") = "DictionariesLINQLambda", "DictionariesLINQLambda\DictionariesLINQLambda.csproj", "{AD6C9776-1925-4B25-B8B8-01B0FD4F6AE5}"
EndProject
Project("{FAE04EC0-301F-11D3-BF4B-00C04F79EFBC}") = "ConsoleApp1", "ConsoleApp1\ConsoleApp1.csproj", "{95306C8B-B9EB-43A0-BA8D-019A27051654}"
EndProject
Project("{FAE04EC0-301F-11D3-BF4B-00C04F79EFBC}") = "ConsoleApp2", "ConsoleApp2\ConsoleApp2.csproj", "{29DE4168-A33B-44C7-8898-DFC9E5AB2B48}"
EndProject
Project("{FAE04EC0-301F-11D3-BF4B-00C04F79EFBC}") = "ConsoleApp3", "ConsoleApp3\ConsoleApp3.csproj", "{73C747EA-8312-4589-B7E5-768FF85B128A}"
EndProject
Project("{FAE04EC0-301F-11D3-BF4B-00C04F79EFBC}") = "ConsoleApp4", "ConsoleApp4\ConsoleApp4.csproj", "{A6262376-60A5-4B20-BD64-A9A9FA345CD1}"
EndProject
Project("{FAE04EC0-301F-11D3-BF4B-00C04F79EFBC}") = "ConsoleApp5", "ConsoleApp5\ConsoleApp5.csproj", "{22AEC324-171C-46BA-8235-B98C66C2F1F6}"
EndProject
Project("{FAE04EC0-301F-11D3-BF4B-00C04F79EFBC}") = "ConsoleApp6", "ConsoleApp6\ConsoleApp6.csproj", "{4C267E2F-AE62-4E04-843B-A6EA0503AE55}"
EndProject
Project("{FAE04EC0-301F-11D3-BF4B-00C04F79EFBC}") = "ConsoleApp7", "ConsoleApp7\ConsoleApp7.csproj", "{BF487CF4-DEA9-409B-A3F1-865742BC3905}"
EndProject
Project("{FAE04EC0-301F-11D3-BF4B-00C04F79EFBC}") = "ConsoleApp8", "ConsoleApp8\ConsoleApp8.csproj", "{85F7B48B-27B8-4F04-B458-26F539945C54}"
EndProject
Project("{FAE04EC0-301F-11D3-BF4B-00C04F79EFBC}") = "ConsoleApp9", "ConsoleApp9\ConsoleApp9.csproj", "{4CCD20E9-84AF-4BA9-949B-67C7D4921903}"
EndProject
Project("{FAE04EC0-301F-11D3-BF4B-00C04F79EFBC}") = "ConsoleApp10", "ConsoleApp10\ConsoleApp10.csproj", "{C7E99161-DCA4-4AA3-B232-341A68411193}"
EndProject
Project("{FAE04EC0-301F-11D3-BF4B-00C04F79EFBC}") = "ConsoleApp11", "ConsoleApp11\ConsoleApp11.csproj", "{C7C370F6-04D1-4B35-B65C-B3F8AC23D114}"
EndProject
Project("{FAE04EC0-301F-11D3-BF4B-00C04F79EFBC}") = "ConsoleApp12", "ConsoleApp12\ConsoleApp12.csproj", "{3FAA29B6-96D1-42B8-9647-BB0666A72FCE}"
EndProject
Project("{FAE04EC0-301F-11D3-BF4B-00C04F79EFBC}") = "ConsoleApp13", "ConsoleApp13\ConsoleApp13.csproj", "{FD06DF91-BAB3-42AC-9CE2-635B90A7D5A6}"
EndProject
Project("{FAE04EC0-301F-11D3-BF4B-00C04F79EFBC}") = "ConsoleApp14", "ConsoleApp14\ConsoleApp14.csproj", "{A09D26B1-36CB-4D09-BDAE-79B0B7A6DEB7}"
EndProject
Project("{FAE04EC0-301F-11D3-BF4B-00C04F79EFBC}") = "ConsoleApp15", "ConsoleApp15\ConsoleApp15.csproj", "{67732CB5-430A-412A-AF8C-E6A26BEB2EA3}"
EndProject
Project("{FAE04EC0-301F-11D3-BF4B-00C04F79EFBC}") = "ConsoleApp16", "ConsoleApp16\ConsoleApp16.csproj", "{9EB770D1-2F3D-4AE8-A2A8-4790CB971681}"
EndProject
Project("{FAE04EC0-301F-11D3-BF4B-00C04F79EFBC}") = "ConsoleApp17", "ConsoleApp17\ConsoleApp17.csproj", "{DE28CC02-3148-4058-84F8-F5761DEEA8B3}"
EndProject
Project("{FAE04EC0-301F-11D3-BF4B-00C04F79EFBC}") = "ConsoleApp18", "ConsoleApp18\ConsoleApp18.csproj", "{7BD16954-69C7-454E-A486-8FD3B4CD1849}"
EndProject
Project("{FAE04EC0-301F-11D3-BF4B-00C04F79EFBC}") = "ConsoleApp19", "ConsoleApp19\ConsoleApp19.csproj", "{18D54650-3D5B-4039-B7F5-B7B3D97B84B6}"
EndProject
Project("{FAE04EC0-301F-11D3-BF4B-00C04F79EFBC}") = "ConsoleApp20", "ConsoleApp20\ConsoleApp20.csproj", "{04ABAC76-57DA-402F-9E1A-7A32D7BCBADF}"
EndProject
Project("{FAE04EC0-301F-11D3-BF4B-00C04F79EFBC}") = "ConsoleApp21", "ConsoleApp21\ConsoleApp21.csproj", "{5D8C4517-BA79-4CCE-A254-D5F27F89F1BE}"
EndProject
Project("{FAE04EC0-301F-11D3-BF4B-00C04F79EFBC}") = "ConsoleApp22", "ConsoleApp22\ConsoleApp22.csproj", "{04755F6C-1B4E-453E-A2CF-9A20C4780D3C}"
EndProject
Project("{FAE04EC0-301F-11D3-BF4B-00C04F79EFBC}") = "ConsoleApp23", "ConsoleApp23\ConsoleApp23.csproj", "{4669C89F-0DEE-401A-A0E2-C7403E12F628}"
EndProject
Project("{FAE04EC0-301F-11D3-BF4B-00C04F79EFBC}") = "ConsoleApp24", "ConsoleApp24\ConsoleApp24.csproj", "{C0A9345B-64B8-414C-839D-E770DA22E047}"
EndProject
Project("{FAE04EC0-301F-11D3-BF4B-00C04F79EFBC}") = "ConsoleApp25", "ConsoleApp25\ConsoleApp25.csproj", "{C83E1B4A-D3E5-47EF-B6FA-8B11938B4EDF}"
EndProject
Project("{FAE04EC0-301F-11D3-BF4B-00C04F79EFBC}") = "ConsoleApp26", "ConsoleApp26\ConsoleApp26.csproj", "{5D00763C-981D-4071-AD1B-ABA53A5792A5}"
EndProject
Project("{FAE04EC0-301F-11D3-BF4B-00C04F79EFBC}") = "ConsoleApp27", "ConsoleApp27\ConsoleApp27.csproj", "{7D375604-1084-408E-B871-0C1F127BCE57}"
EndProject
Global
	GlobalSection(SolutionConfigurationPlatforms) = preSolution
		Debug|Any CPU = Debug|Any CPU
		Release|Any CPU = Release|Any CPU
	EndGlobalSection
	GlobalSection(ProjectConfigurationPlatforms) = postSolution
		{AD6C9776-1925-4B25-B8B8-01B0FD4F6AE5}.Debug|Any CPU.ActiveCfg = Debug|Any CPU
		{AD6C9776-1925-4B25-B8B8-01B0FD4F6AE5}.Debug|Any CPU.Build.0 = Debug|Any CPU
		{AD6C9776-1925-4B25-B8B8-01B0FD4F6AE5}.Release|Any CPU.ActiveCfg = Release|Any CPU
		{AD6C9776-1925-4B25-B8B8-01B0FD4F6AE5}.Release|Any CPU.Build.0 = Release|Any CPU
		{95306C8B-B9EB-43A0-BA8D-019A27051654}.Debug|Any CPU.ActiveCfg = Debug|Any CPU
		{95306C8B-B9EB-43A0-BA8D-019A27051654}.Debug|Any CPU.Build.0 = Debug|Any CPU
		{95306C8B-B9EB-43A0-BA8D-019A27051654}.Release|Any CPU.ActiveCfg = Release|Any CPU
		{95306C8B-B9EB-43A0-BA8D-019A27051654}.Release|Any CPU.Build.0 = Release|Any CPU
		{29DE4168-A33B-44C7-8898-DFC9E5AB2B48}.Debug|Any CPU.ActiveCfg = Debug|Any CPU
		{29DE4168-A33B-44C7-8898-DFC9E5AB2B48}.Debug|Any CPU.Build.0 = Debug|Any CPU
		{29DE4168-A33B-44C7-8898-DFC9E5AB2B48}.Release|Any CPU.ActiveCfg = Release|Any CPU
		{29DE4168-A33B-44C7-8898-DFC9E5AB2B48}.Release|Any CPU.Build.0 = Release|Any CPU
		{73C747EA-8312-4589-B7E5-768FF85B128A}.Debug|Any CPU.ActiveCfg = Debug|Any CPU
		{73C747EA-8312-4589-B7E5-768FF85B128A}.Debug|Any CPU.Build.0 = Debug|Any CPU
		{73C747EA-8312-4589-B7E5-768FF85B128A}.Release|Any CPU.ActiveCfg = Release|Any CPU
		{73C747EA-8312-4589-B7E5-768FF85B128A}.Release|Any CPU.Build.0 = Release|Any CPU
		{A6262376-60A5-4B20-BD64-A9A9FA345CD1}.Debug|Any CPU.ActiveCfg = Debug|Any CPU
		{A6262376-60A5-4B20-BD64-A9A9FA345CD1}.Debug|Any CPU.Build.0 = Debug|Any CPU
		{A6262376-60A5-4B20-BD64-A9A9FA345CD1}.Release|Any CPU.ActiveCfg = Release|Any CPU
		{A6262376-60A5-4B20-BD64-A9A9FA345CD1}.Release|Any CPU.Build.0 = Release|Any CPU
		{22AEC324-171C-46BA-8235-B98C66C2F1F6}.Debug|Any CPU.ActiveCfg = Debug|Any CPU
		{22AEC324-171C-46BA-8235-B98C66C2F1F6}.Debug|Any CPU.Build.0 = Debug|Any CPU
		{22AEC324-171C-46BA-8235-B98C66C2F1F6}.Release|Any CPU.ActiveCfg = Release|Any CPU
		{22AEC324-171C-46BA-8235-B98C66C2F1F6}.Release|Any CPU.Build.0 = Release|Any CPU
		{4C267E2F-AE62-4E04-843B-A6EA0503AE55}.Debug|Any CPU.ActiveCfg = Debug|Any CPU
		{4C267E2F-AE62-4E04-843B-A6EA0503AE55}.Debug|Any CPU.Build.0 = Debug|Any CPU
		{4C267E2F-AE62-4E04-843B-A6EA0503AE55}.Release|Any CPU.ActiveCfg = Release|Any CPU
		{4C267E2F-AE62-4E04-843B-A6EA0503AE55}.Release|Any CPU.Build.0 = Release|Any CPU
		{BF487CF4-DEA9-409B-A3F1-865742BC3905}.Debug|Any CPU.ActiveCfg = Debug|Any CPU
		{BF487CF4-DEA9-409B-A3F1-865742BC3905}.Debug|Any CPU.Build.0 = Debug|Any CPU
		{BF487CF4-DEA9-409B-A3F1-865742BC3905}.Release|Any CPU.ActiveCfg = Release|Any CPU
		{BF487CF4-DEA9-409B-A3F1-865742BC3905}.Release|Any CPU.Build.0 = Release|Any CPU
		{85F7B48B-27B8-4F04-B458-26F539945C54}.Debug|Any CPU.ActiveCfg = Debug|Any CPU
		{85F7B48B-27B8-4F04-B458-26F539945C54}.Debug|Any CPU.Build.0 = Debug|Any CPU
		{85F7B48B-27B8-4F04-B458-26F539945C54}.Release|Any CPU.ActiveCfg = Release|Any CPU
		{85F7B48B-27B8-4F04-B458-26F539945C54}.Release|Any CPU.Build.0 = Release|Any CPU
		{4CCD20E9-84AF-4BA9-949B-67C7D4921903}.Debug|Any CPU.ActiveCfg = Debug|Any CPU
		{4CCD20E9-84AF-4BA9-949B-67C7D4921903}.Debug|Any CPU.Build.0 = Debug|Any CPU
		{4CCD20E9-84AF-4BA9-949B-67C7D4921903}.Release|Any CPU.ActiveCfg = Release|Any CPU
		{4CCD20E9-84AF-4BA9-949B-67C7D4921903}.Release|Any CPU.Build.0 = Release|Any CPU
		{C7E99161-DCA4-4AA3-B232-341A68411193}.Debug|Any CPU.ActiveCfg = Debug|Any CPU
		{C7E99161-DCA4-4AA3-B232-341A68411193}.Debug|Any CPU.Build.0 = Debug|Any CPU
		{C7E99161-DCA4-4AA3-B232-341A68411193}.Release|Any CPU.ActiveCfg = Release|Any CPU
		{C7E99161-DCA4-4AA3-B232-341A68411193}.Release|Any CPU.Build.0 = Release|Any CPU
		{C7C370F6-04D1-4B35-B65C-B3F8AC23D114}.Debug|Any CPU.ActiveCfg = Debug|Any CPU
		{C7C370F6-04D1-4B35-B65C-B3F8AC23D114}.Debug|Any CPU.Build.0 = Debug|Any CPU
		{C7C370F6-04D1-4B35-B65C-B3F8AC23D114}.Release|Any CPU.ActiveCfg = Release|Any CPU
		{C7C370F6-04D1-4B35-B65C-B3F8AC23D114}.Release|Any CPU.Build.0 = Release|Any CPU
		{3FAA29B6-96D1-42B8-9647-BB0666A72FCE}.Debug|Any CPU.ActiveCfg = Debug|Any CPU
		{3FAA29B6-96D1-42B8-9647-BB0666A72FCE}.Debug|Any CPU.Build.0 = Debug|Any CPU
		{3FAA29B6-96D1-42B8-9647-BB0666A72FCE}.Release|Any CPU.ActiveCfg = Release|Any CPU
		{3FAA29B6-96D1-42B8-9647-BB0666A72FCE}.Release|Any CPU.Build.0 = Release|Any CPU
		{FD06DF91-BAB3-42AC-9CE2-635B90A7D5A6}.Debug|Any CPU.ActiveCfg = Debug|Any CPU
		{FD06DF91-BAB3-42AC-9CE2-635B90A7D5A6}.Debug|Any CPU.Build.0 = Debug|Any CPU
		{FD06DF91-BAB3-42AC-9CE2-635B90A7D5A6}.Release|Any CPU.ActiveCfg = Release|Any CPU
		{FD06DF91-BAB3-42AC-9CE2-635B90A7D5A6}.Release|Any CPU.Build.0 = Release|Any CPU
		{A09D26B1-36CB-4D09-BDAE-79B0B7A6DEB7}.Debug|Any CPU.ActiveCfg = Debug|Any CPU
		{A09D26B1-36CB-4D09-BDAE-79B0B7A6DEB7}.Debug|Any CPU.Build.0 = Debug|Any CPU
		{A09D26B1-36CB-4D09-BDAE-79B0B7A6DEB7}.Release|Any CPU.ActiveCfg = Release|Any CPU
		{A09D26B1-36CB-4D09-BDAE-79B0B7A6DEB7}.Release|Any CPU.Build.0 = Release|Any CPU
		{67732CB5-430A-412A-AF8C-E6A26BEB2EA3}.Debug|Any CPU.ActiveCfg = Debug|Any CPU
		{67732CB5-430A-412A-AF8C-E6A26BEB2EA3}.Debug|Any CPU.Build.0 = Debug|Any CPU
		{67732CB5-430A-412A-AF8C-E6A26BEB2EA3}.Release|Any CPU.ActiveCfg = Release|Any CPU
		{67732CB5-430A-412A-AF8C-E6A26BEB2EA3}.Release|Any CPU.Build.0 = Release|Any CPU
		{9EB770D1-2F3D-4AE8-A2A8-4790CB971681}.Debug|Any CPU.ActiveCfg = Debug|Any CPU
		{9EB770D1-2F3D-4AE8-A2A8-4790CB971681}.Debug|Any CPU.Build.0 = Debug|Any CPU
		{9EB770D1-2F3D-4AE8-A2A8-4790CB971681}.Release|Any CPU.ActiveCfg = Release|Any CPU
		{9EB770D1-2F3D-4AE8-A2A8-4790CB971681}.Release|Any CPU.Build.0 = Release|Any CPU
		{DE28CC02-3148-4058-84F8-F5761DEEA8B3}.Debug|Any CPU.ActiveCfg = Debug|Any CPU
		{DE28CC02-3148-4058-84F8-F5761DEEA8B3}.Debug|Any CPU.Build.0 = Debug|Any CPU
		{DE28CC02-3148-4058-84F8-F5761DEEA8B3}.Release|Any CPU.ActiveCfg = Release|Any CPU
		{DE28CC02-3148-4058-84F8-F5761DEEA8B3}.Release|Any CPU.Build.0 = Release|Any CPU
		{7BD16954-69C7-454E-A486-8FD3B4CD1849}.Debug|Any CPU.ActiveCfg = Debug|Any CPU
		{7BD16954-69C7-454E-A486-8FD3B4CD1849}.Debug|Any CPU.Build.0 = Debug|Any CPU
		{7BD16954-69C7-454E-A486-8FD3B4CD1849}.Release|Any CPU.ActiveCfg = Release|Any CPU
		{7BD16954-69C7-454E-A486-8FD3B4CD1849}.Release|Any CPU.Build.0 = Release|Any CPU
		{18D54650-3D5B-4039-B7F5-B7B3D97B84B6}.Debug|Any CPU.ActiveCfg = Debug|Any CPU
		{18D54650-3D5B-4039-B7F5-B7B3D97B84B6}.Debug|Any CPU.Build.0 = Debug|Any CPU
		{18D54650-3D5B-4039-B7F5-B7B3D97B84B6}.Release|Any CPU.ActiveCfg = Release|Any CPU
		{18D54650-3D5B-4039-B7F5-B7B3D97B84B6}.Release|Any CPU.Build.0 = Release|Any CPU
		{04ABAC76-57DA-402F-9E1A-7A32D7BCBADF}.Debug|Any CPU.ActiveCfg = Debug|Any CPU
		{04ABAC76-57DA-402F-9E1A-7A32D7BCBADF}.Debug|Any CPU.Build.0 = Debug|Any CPU
		{04ABAC76-57DA-402F-9E1A-7A32D7BCBADF}.Release|Any CPU.ActiveCfg = Release|Any CPU
		{04ABAC76-57DA-402F-9E1A-7A32D7BCBADF}.Release|Any CPU.Build.0 = Release|Any CPU
		{5D8C4517-BA79-4CCE-A254-D5F27F89F1BE}.Debug|Any CPU.ActiveCfg = Debug|Any CPU
		{5D8C4517-BA79-4CCE-A254-D5F27F89F1BE}.Debug|Any CPU.Build.0 = Debug|Any CPU
		{5D8C4517-BA79-4CCE-A254-D5F27F89F1BE}.Release|Any CPU.ActiveCfg = Release|Any CPU
		{5D8C4517-BA79-4CCE-A254-D5F27F89F1BE}.Release|Any CPU.Build.0 = Release|Any CPU
		{04755F6C-1B4E-453E-A2CF-9A20C4780D3C}.Debug|Any CPU.ActiveCfg = Debug|Any CPU
		{04755F6C-1B4E-453E-A2CF-9A20C4780D3C}.Debug|Any CPU.Build.0 = Debug|Any CPU
		{04755F6C-1B4E-453E-A2CF-9A20C4780D3C}.Release|Any CPU.ActiveCfg = Release|Any CPU
		{04755F6C-1B4E-453E-A2CF-9A20C4780D3C}.Release|Any CPU.Build.0 = Release|Any CPU
		{4669C89F-0DEE-401A-A0E2-C7403E12F628}.Debug|Any CPU.ActiveCfg = Debug|Any CPU
		{4669C89F-0DEE-401A-A0E2-C7403E12F628}.Debug|Any CPU.Build.0 = Debug|Any CPU
		{4669C89F-0DEE-401A-A0E2-C7403E12F628}.Release|Any CPU.ActiveCfg = Release|Any CPU
		{4669C89F-0DEE-401A-A0E2-C7403E12F628}.Release|Any CPU.Build.0 = Release|Any CPU
		{C0A9345B-64B8-414C-839D-E770DA22E047}.Debug|Any CPU.ActiveCfg = Debug|Any CPU
		{C0A9345B-64B8-414C-839D-E770DA22E047}.Debug|Any CPU.Build.0 = Debug|Any CPU
		{C0A9345B-64B8-414C-839D-E770DA22E047}.Release|Any CPU.ActiveCfg = Release|Any CPU
		{C0A9345B-64B8-414C-839D-E770DA22E047}.Release|Any CPU.Build.0 = Release|Any CPU
		{C83E1B4A-D3E5-47EF-B6FA-8B11938B4EDF}.Debug|Any CPU.ActiveCfg = Debug|Any CPU
		{C83E1B4A-D3E5-47EF-B6FA-8B11938B4EDF}.Debug|Any CPU.Build.0 = Debug|Any CPU
		{C83E1B4A-D3E5-47EF-B6FA-8B11938B4EDF}.Release|Any CPU.ActiveCfg = Release|Any CPU
		{C83E1B4A-D3E5-47EF-B6FA-8B11938B4EDF}.Release|Any CPU.Build.0 = Release|Any CPU
		{5D00763C-981D-4071-AD1B-ABA53A5792A5}.Debug|Any CPU.ActiveCfg = Debug|Any CPU
		{5D00763C-981D-4071-AD1B-ABA53A5792A5}.Debug|Any CPU.Build.0 = Debug|Any CPU
		{5D00763C-981D-4071-AD1B-ABA53A5792A5}.Release|Any CPU.ActiveCfg = Release|Any CPU
		{5D00763C-981D-4071-AD1B-ABA53A5792A5}.Release|Any CPU.Build.0 = Release|Any CPU
		{7D375604-1084-408E-B871-0C1F127BCE57}.Debug|Any CPU.ActiveCfg = Debug|Any CPU
		{7D375604-1084-408E-B871-0C1F127BCE57}.Debug|Any CPU.Build.0 = Debug|Any CPU
		{7D375604-1084-408E-B871-0C1F127BCE57}.Release|Any CPU.ActiveCfg = Release|Any CPU
		{7D375604-1084-408E-B871-0C1F127BCE57}.Release|Any CPU.Build.0 = Release|Any CPU
	EndGlobalSection
	GlobalSection(SolutionProperties) = preSolution
		HideSolutionNode = FALSE
	EndGlobalSection
	GlobalSection(ExtensibilityGlobals) = postSolution
		SolutionGuid = {2D3A48AF-A7B5-4D61-A7A9-02E6E5F93F5A}
	EndGlobalSection
EndGlobal
