
Microsoft Visual Studio Solution File, Format Version 12.00
# Visual Studio 15
VisualStudioVersion = 15.0.26730.8
MinimumVisualStudioVersion = 10.0.40219.1
Project("{FAE04EC0-301F-11D3-BF4B-00C04F79EFBC}") = "ConsoleApp7", "ConsoleApp7\ConsoleApp7.csproj", "{FCBA5447-1EEC-4E6F-965C-E6282C5D78E1}"
EndProject
Project("{FAE04EC0-301F-11D3-BF4B-00C04F79EFBC}") = "ConsoleApp1", "ConsoleApp1\ConsoleApp1.csproj", "{16E555B4-FB21-4D01-84E5-03B262588006}"
EndProject
Project("{FAE04EC0-301F-11D3-BF4B-00C04F79EFBC}") = "ConsoleApp2", "ConsoleApp2\ConsoleApp2.csproj", "{80612FD3-0B04-4AB9-AD3D-F2AC556DEF5C}"
EndProject
Project("{FAE04EC0-301F-11D3-BF4B-00C04F79EFBC}") = "ConsoleApp3", "ConsoleApp3\ConsoleApp3.csproj", "{3F737F85-ED5E-46F0-A5ED-17185BC989CB}"
EndProject
Project("{FAE04EC0-301F-11D3-BF4B-00C04F79EFBC}") = "ConsoleApp4", "ConsoleApp4\ConsoleApp4.csproj", "{83507B09-894B-48B5-A560-90067E257D13}"
EndProject
Project("{FAE04EC0-301F-11D3-BF4B-00C04F79EFBC}") = "ConsoleApp5", "ConsoleApp5\ConsoleApp5.csproj", "{4431FB79-4F3C-4B1D-8EDF-E34DF20B2763}"
EndProject
Project("{FAE04EC0-301F-11D3-BF4B-00C04F79EFBC}") = "ConsoleApp6", "ConsoleApp6\ConsoleApp6.csproj", "{6AF4E7D5-B8C1-4297-A222-C421832EF6B3}"
EndProject
Project("{FAE04EC0-301F-11D3-BF4B-00C04F79EFBC}") = "ConsoleApp8", "ConsoleApp8\ConsoleApp8.csproj", "{4540086D-ED11-45B5-8093-3F4C944AC303}"
EndProject
Project("{FAE04EC0-301F-11D3-BF4B-00C04F79EFBC}") = "ConsoleApp9", "ConsoleApp9\ConsoleApp9.csproj", "{2E849164-9473-438F-A5C4-A3D677C7A40C}"
EndProject
Project("{FAE04EC0-301F-11D3-BF4B-00C04F79EFBC}") = "ConsoleApp10", "ConsoleApp10\ConsoleApp10.csproj", "{06A32018-94CC-4C07-A5E7-165BF1C48457}"
EndProject
Project("{FAE04EC0-301F-11D3-BF4B-00C04F79EFBC}") = "ConsoleApp11", "ConsoleApp11\ConsoleApp11.csproj", "{F5E568EF-0F3F-4FE2-A95E-7BB0BEED83CF}"
EndProject
Project("{FAE04EC0-301F-11D3-BF4B-00C04F79EFBC}") = "ConsoleApp12", "ConsoleApp12\ConsoleApp12.csproj", "{F1A3B2F7-DA01-4E97-94A2-177CF781A37B}"
EndProject
Project("{FAE04EC0-301F-11D3-BF4B-00C04F79EFBC}") = "ConsoleApp13", "ConsoleApp13\ConsoleApp13.csproj", "{DDB5E538-3DF2-40B7-A41E-661EB12FBEC0}"
EndProject
Project("{FAE04EC0-301F-11D3-BF4B-00C04F79EFBC}") = "ConsoleApp14", "ConsoleApp14\ConsoleApp14.csproj", "{2D4F3DD5-1510-48F9-85AB-CA6057788717}"
EndProject
Project("{FAE04EC0-301F-11D3-BF4B-00C04F79EFBC}") = "ConsoleApp15", "ConsoleApp15\ConsoleApp15.csproj", "{F3951D5E-80C3-4277-8D43-2517B36568D9}"
EndProject
Project("{FAE04EC0-301F-11D3-BF4B-00C04F79EFBC}") = "ConsoleApp16", "ConsoleApp16\ConsoleApp16.csproj", "{8C3BAAD1-1EAC-4C95-8180-98ABE8BEDE5B}"
EndProject
Project("{FAE04EC0-301F-11D3-BF4B-00C04F79EFBC}") = "WpfApp1", "WpfApp1\WpfApp1.csproj", "{9B1F7163-76E3-4243-B748-5C35957EC0DE}"
EndProject
Project("{FAE04EC0-301F-11D3-BF4B-00C04F79EFBC}") = "ConsoleApp17", "ConsoleApp17\ConsoleApp17.csproj", "{71BC1EB2-9685-4497-AC73-91FE76048670}"
EndProject
Project("{FAE04EC0-301F-11D3-BF4B-00C04F79EFBC}") = "ConsoleApp18", "ConsoleApp18\ConsoleApp18.csproj", "{6D0089AB-83AB-4C09-84AF-E5EA1F20726E}"
EndProject
Project("{FAE04EC0-301F-11D3-BF4B-00C04F79EFBC}") = "ConsoleApp19", "ConsoleApp19\ConsoleApp19.csproj", "{7B7B3288-6B33-4DD8-BA0B-4A4BBB62927A}"
EndProject
Project("{FAE04EC0-301F-11D3-BF4B-00C04F79EFBC}") = "ConsoleApp20", "ConsoleApp20\ConsoleApp20.csproj", "{C7AF13BF-AAAB-4430-919D-69AF8A874A73}"
EndProject
Project("{FAE04EC0-301F-11D3-BF4B-00C04F79EFBC}") = "ConsoleApp21", "ConsoleApp21\ConsoleApp21.csproj", "{77AE4BD2-BDFC-4ECA-B9AB-5D6CF905E5E1}"
EndProject
Project("{FAE04EC0-301F-11D3-BF4B-00C04F79EFBC}") = "ConsoleApp22", "ConsoleApp22\ConsoleApp22.csproj", "{E852E74C-E433-435A-9B57-0D658B59D8BA}"
EndProject
Project("{FAE04EC0-301F-11D3-BF4B-00C04F79EFBC}") = "ConsoleApp23", "ConsoleApp23\ConsoleApp23.csproj", "{E288F300-90A3-45C1-B861-6D219A0F9F2E}"
EndProject
Project("{FAE04EC0-301F-11D3-BF4B-00C04F79EFBC}") = "ConsoleApp24", "ConsoleApp24\ConsoleApp24.csproj", "{2DB5DD92-C5CC-41C9-90E0-51D7C8D0BA91}"
EndProject
Project("{FAE04EC0-301F-11D3-BF4B-00C04F79EFBC}") = "ConsoleApp25", "ConsoleApp25\ConsoleApp25.csproj", "{9A4C673F-DA17-4439-8C1E-41F7B5B028C5}"
EndProject
Project("{FAE04EC0-301F-11D3-BF4B-00C04F79EFBC}") = "ConsoleApp26", "ConsoleApp26\ConsoleApp26.csproj", "{C6C61502-BB2A-4428-9881-D460E3378389}"
EndProject
Project("{FAE04EC0-301F-11D3-BF4B-00C04F79EFBC}") = "ConsoleApp27", "ConsoleApp27\ConsoleApp27.csproj", "{94BF4B56-74F2-4E0D-8DA0-DA19C348878C}"
EndProject
Project("{FAE04EC0-301F-11D3-BF4B-00C04F79EFBC}") = "ConsoleApp28", "ConsoleApp28\ConsoleApp28.csproj", "{D171203E-D1B0-4FA3-8596-D1FB55867D20}"
EndProject
Project("{FAE04EC0-301F-11D3-BF4B-00C04F79EFBC}") = "ConsoleApp29", "ConsoleApp29\ConsoleApp29.csproj", "{C5636D7B-EA52-4C9C-ACB2-5C772BBA87C8}"
EndProject
Project("{FAE04EC0-301F-11D3-BF4B-00C04F79EFBC}") = "ConsoleApp30", "ConsoleApp30\ConsoleApp30.csproj", "{A13DBFEE-37F1-4DF3-B7B1-68B9218B622D}"
EndProject
Project("{FAE04EC0-301F-11D3-BF4B-00C04F79EFBC}") = "ConsoleApp31", "ConsoleApp31\ConsoleApp31.csproj", "{3814126E-7F91-400F-ACBA-A946B646D6E9}"
EndProject
Project("{FAE04EC0-301F-11D3-BF4B-00C04F79EFBC}") = "ConsoleApp32", "ConsoleApp32\ConsoleApp32.csproj", "{6B367B63-4E05-4DA8-B3D0-0C43B44C4680}"
EndProject
Global
	GlobalSection(SolutionConfigurationPlatforms) = preSolution
		Debug|Any CPU = Debug|Any CPU
		Release|Any CPU = Release|Any CPU
	EndGlobalSection
	GlobalSection(ProjectConfigurationPlatforms) = postSolution
		{FCBA5447-1EEC-4E6F-965C-E6282C5D78E1}.Debug|Any CPU.ActiveCfg = Debug|Any CPU
		{FCBA5447-1EEC-4E6F-965C-E6282C5D78E1}.Debug|Any CPU.Build.0 = Debug|Any CPU
		{FCBA5447-1EEC-4E6F-965C-E6282C5D78E1}.Release|Any CPU.ActiveCfg = Release|Any CPU
		{FCBA5447-1EEC-4E6F-965C-E6282C5D78E1}.Release|Any CPU.Build.0 = Release|Any CPU
		{16E555B4-FB21-4D01-84E5-03B262588006}.Debug|Any CPU.ActiveCfg = Debug|Any CPU
		{16E555B4-FB21-4D01-84E5-03B262588006}.Debug|Any CPU.Build.0 = Debug|Any CPU
		{16E555B4-FB21-4D01-84E5-03B262588006}.Release|Any CPU.ActiveCfg = Release|Any CPU
		{16E555B4-FB21-4D01-84E5-03B262588006}.Release|Any CPU.Build.0 = Release|Any CPU
		{80612FD3-0B04-4AB9-AD3D-F2AC556DEF5C}.Debug|Any CPU.ActiveCfg = Debug|Any CPU
		{80612FD3-0B04-4AB9-AD3D-F2AC556DEF5C}.Debug|Any CPU.Build.0 = Debug|Any CPU
		{80612FD3-0B04-4AB9-AD3D-F2AC556DEF5C}.Release|Any CPU.ActiveCfg = Release|Any CPU
		{80612FD3-0B04-4AB9-AD3D-F2AC556DEF5C}.Release|Any CPU.Build.0 = Release|Any CPU
		{3F737F85-ED5E-46F0-A5ED-17185BC989CB}.Debug|Any CPU.ActiveCfg = Debug|Any CPU
		{3F737F85-ED5E-46F0-A5ED-17185BC989CB}.Debug|Any CPU.Build.0 = Debug|Any CPU
		{3F737F85-ED5E-46F0-A5ED-17185BC989CB}.Release|Any CPU.ActiveCfg = Release|Any CPU
		{3F737F85-ED5E-46F0-A5ED-17185BC989CB}.Release|Any CPU.Build.0 = Release|Any CPU
		{83507B09-894B-48B5-A560-90067E257D13}.Debug|Any CPU.ActiveCfg = Debug|Any CPU
		{83507B09-894B-48B5-A560-90067E257D13}.Debug|Any CPU.Build.0 = Debug|Any CPU
		{83507B09-894B-48B5-A560-90067E257D13}.Release|Any CPU.ActiveCfg = Release|Any CPU
		{83507B09-894B-48B5-A560-90067E257D13}.Release|Any CPU.Build.0 = Release|Any CPU
		{4431FB79-4F3C-4B1D-8EDF-E34DF20B2763}.Debug|Any CPU.ActiveCfg = Debug|Any CPU
		{4431FB79-4F3C-4B1D-8EDF-E34DF20B2763}.Debug|Any CPU.Build.0 = Debug|Any CPU
		{4431FB79-4F3C-4B1D-8EDF-E34DF20B2763}.Release|Any CPU.ActiveCfg = Release|Any CPU
		{4431FB79-4F3C-4B1D-8EDF-E34DF20B2763}.Release|Any CPU.Build.0 = Release|Any CPU
		{6AF4E7D5-B8C1-4297-A222-C421832EF6B3}.Debug|Any CPU.ActiveCfg = Debug|Any CPU
		{6AF4E7D5-B8C1-4297-A222-C421832EF6B3}.Debug|Any CPU.Build.0 = Debug|Any CPU
		{6AF4E7D5-B8C1-4297-A222-C421832EF6B3}.Release|Any CPU.ActiveCfg = Release|Any CPU
		{6AF4E7D5-B8C1-4297-A222-C421832EF6B3}.Release|Any CPU.Build.0 = Release|Any CPU
		{4540086D-ED11-45B5-8093-3F4C944AC303}.Debug|Any CPU.ActiveCfg = Debug|Any CPU
		{4540086D-ED11-45B5-8093-3F4C944AC303}.Debug|Any CPU.Build.0 = Debug|Any CPU
		{4540086D-ED11-45B5-8093-3F4C944AC303}.Release|Any CPU.ActiveCfg = Release|Any CPU
		{4540086D-ED11-45B5-8093-3F4C944AC303}.Release|Any CPU.Build.0 = Release|Any CPU
		{2E849164-9473-438F-A5C4-A3D677C7A40C}.Debug|Any CPU.ActiveCfg = Debug|Any CPU
		{2E849164-9473-438F-A5C4-A3D677C7A40C}.Debug|Any CPU.Build.0 = Debug|Any CPU
		{2E849164-9473-438F-A5C4-A3D677C7A40C}.Release|Any CPU.ActiveCfg = Release|Any CPU
		{2E849164-9473-438F-A5C4-A3D677C7A40C}.Release|Any CPU.Build.0 = Release|Any CPU
		{06A32018-94CC-4C07-A5E7-165BF1C48457}.Debug|Any CPU.ActiveCfg = Debug|Any CPU
		{06A32018-94CC-4C07-A5E7-165BF1C48457}.Debug|Any CPU.Build.0 = Debug|Any CPU
		{06A32018-94CC-4C07-A5E7-165BF1C48457}.Release|Any CPU.ActiveCfg = Release|Any CPU
		{06A32018-94CC-4C07-A5E7-165BF1C48457}.Release|Any CPU.Build.0 = Release|Any CPU
		{F5E568EF-0F3F-4FE2-A95E-7BB0BEED83CF}.Debug|Any CPU.ActiveCfg = Debug|Any CPU
		{F5E568EF-0F3F-4FE2-A95E-7BB0BEED83CF}.Debug|Any CPU.Build.0 = Debug|Any CPU
		{F5E568EF-0F3F-4FE2-A95E-7BB0BEED83CF}.Release|Any CPU.ActiveCfg = Release|Any CPU
		{F5E568EF-0F3F-4FE2-A95E-7BB0BEED83CF}.Release|Any CPU.Build.0 = Release|Any CPU
		{F1A3B2F7-DA01-4E97-94A2-177CF781A37B}.Debug|Any CPU.ActiveCfg = Debug|Any CPU
		{F1A3B2F7-DA01-4E97-94A2-177CF781A37B}.Debug|Any CPU.Build.0 = Debug|Any CPU
		{F1A3B2F7-DA01-4E97-94A2-177CF781A37B}.Release|Any CPU.ActiveCfg = Release|Any CPU
		{F1A3B2F7-DA01-4E97-94A2-177CF781A37B}.Release|Any CPU.Build.0 = Release|Any CPU
		{DDB5E538-3DF2-40B7-A41E-661EB12FBEC0}.Debug|Any CPU.ActiveCfg = Debug|Any CPU
		{DDB5E538-3DF2-40B7-A41E-661EB12FBEC0}.Debug|Any CPU.Build.0 = Debug|Any CPU
		{DDB5E538-3DF2-40B7-A41E-661EB12FBEC0}.Release|Any CPU.ActiveCfg = Release|Any CPU
		{DDB5E538-3DF2-40B7-A41E-661EB12FBEC0}.Release|Any CPU.Build.0 = Release|Any CPU
		{2D4F3DD5-1510-48F9-85AB-CA6057788717}.Debug|Any CPU.ActiveCfg = Debug|Any CPU
		{2D4F3DD5-1510-48F9-85AB-CA6057788717}.Debug|Any CPU.Build.0 = Debug|Any CPU
		{2D4F3DD5-1510-48F9-85AB-CA6057788717}.Release|Any CPU.ActiveCfg = Release|Any CPU
		{2D4F3DD5-1510-48F9-85AB-CA6057788717}.Release|Any CPU.Build.0 = Release|Any CPU
		{F3951D5E-80C3-4277-8D43-2517B36568D9}.Debug|Any CPU.ActiveCfg = Debug|Any CPU
		{F3951D5E-80C3-4277-8D43-2517B36568D9}.Debug|Any CPU.Build.0 = Debug|Any CPU
		{F3951D5E-80C3-4277-8D43-2517B36568D9}.Release|Any CPU.ActiveCfg = Release|Any CPU
		{F3951D5E-80C3-4277-8D43-2517B36568D9}.Release|Any CPU.Build.0 = Release|Any CPU
		{8C3BAAD1-1EAC-4C95-8180-98ABE8BEDE5B}.Debug|Any CPU.ActiveCfg = Debug|Any CPU
		{8C3BAAD1-1EAC-4C95-8180-98ABE8BEDE5B}.Debug|Any CPU.Build.0 = Debug|Any CPU
		{8C3BAAD1-1EAC-4C95-8180-98ABE8BEDE5B}.Release|Any CPU.ActiveCfg = Release|Any CPU
		{8C3BAAD1-1EAC-4C95-8180-98ABE8BEDE5B}.Release|Any CPU.Build.0 = Release|Any CPU
		{9B1F7163-76E3-4243-B748-5C35957EC0DE}.Debug|Any CPU.ActiveCfg = Debug|Any CPU
		{9B1F7163-76E3-4243-B748-5C35957EC0DE}.Debug|Any CPU.Build.0 = Debug|Any CPU
		{9B1F7163-76E3-4243-B748-5C35957EC0DE}.Release|Any CPU.ActiveCfg = Release|Any CPU
		{9B1F7163-76E3-4243-B748-5C35957EC0DE}.Release|Any CPU.Build.0 = Release|Any CPU
		{71BC1EB2-9685-4497-AC73-91FE76048670}.Debug|Any CPU.ActiveCfg = Debug|Any CPU
		{71BC1EB2-9685-4497-AC73-91FE76048670}.Debug|Any CPU.Build.0 = Debug|Any CPU
		{71BC1EB2-9685-4497-AC73-91FE76048670}.Release|Any CPU.ActiveCfg = Release|Any CPU
		{71BC1EB2-9685-4497-AC73-91FE76048670}.Release|Any CPU.Build.0 = Release|Any CPU
		{6D0089AB-83AB-4C09-84AF-E5EA1F20726E}.Debug|Any CPU.ActiveCfg = Debug|Any CPU
		{6D0089AB-83AB-4C09-84AF-E5EA1F20726E}.Debug|Any CPU.Build.0 = Debug|Any CPU
		{6D0089AB-83AB-4C09-84AF-E5EA1F20726E}.Release|Any CPU.ActiveCfg = Release|Any CPU
		{6D0089AB-83AB-4C09-84AF-E5EA1F20726E}.Release|Any CPU.Build.0 = Release|Any CPU
		{7B7B3288-6B33-4DD8-BA0B-4A4BBB62927A}.Debug|Any CPU.ActiveCfg = Debug|Any CPU
		{7B7B3288-6B33-4DD8-BA0B-4A4BBB62927A}.Debug|Any CPU.Build.0 = Debug|Any CPU
		{7B7B3288-6B33-4DD8-BA0B-4A4BBB62927A}.Release|Any CPU.ActiveCfg = Release|Any CPU
		{7B7B3288-6B33-4DD8-BA0B-4A4BBB62927A}.Release|Any CPU.Build.0 = Release|Any CPU
		{C7AF13BF-AAAB-4430-919D-69AF8A874A73}.Debug|Any CPU.ActiveCfg = Debug|Any CPU
		{C7AF13BF-AAAB-4430-919D-69AF8A874A73}.Debug|Any CPU.Build.0 = Debug|Any CPU
		{C7AF13BF-AAAB-4430-919D-69AF8A874A73}.Release|Any CPU.ActiveCfg = Release|Any CPU
		{C7AF13BF-AAAB-4430-919D-69AF8A874A73}.Release|Any CPU.Build.0 = Release|Any CPU
		{77AE4BD2-BDFC-4ECA-B9AB-5D6CF905E5E1}.Debug|Any CPU.ActiveCfg = Debug|Any CPU
		{77AE4BD2-BDFC-4ECA-B9AB-5D6CF905E5E1}.Debug|Any CPU.Build.0 = Debug|Any CPU
		{77AE4BD2-BDFC-4ECA-B9AB-5D6CF905E5E1}.Release|Any CPU.ActiveCfg = Release|Any CPU
		{77AE4BD2-BDFC-4ECA-B9AB-5D6CF905E5E1}.Release|Any CPU.Build.0 = Release|Any CPU
		{E852E74C-E433-435A-9B57-0D658B59D8BA}.Debug|Any CPU.ActiveCfg = Debug|Any CPU
		{E852E74C-E433-435A-9B57-0D658B59D8BA}.Debug|Any CPU.Build.0 = Debug|Any CPU
		{E852E74C-E433-435A-9B57-0D658B59D8BA}.Release|Any CPU.ActiveCfg = Release|Any CPU
		{E852E74C-E433-435A-9B57-0D658B59D8BA}.Release|Any CPU.Build.0 = Release|Any CPU
		{E288F300-90A3-45C1-B861-6D219A0F9F2E}.Debug|Any CPU.ActiveCfg = Debug|Any CPU
		{E288F300-90A3-45C1-B861-6D219A0F9F2E}.Debug|Any CPU.Build.0 = Debug|Any CPU
		{E288F300-90A3-45C1-B861-6D219A0F9F2E}.Release|Any CPU.ActiveCfg = Release|Any CPU
		{E288F300-90A3-45C1-B861-6D219A0F9F2E}.Release|Any CPU.Build.0 = Release|Any CPU
		{2DB5DD92-C5CC-41C9-90E0-51D7C8D0BA91}.Debug|Any CPU.ActiveCfg = Debug|Any CPU
		{2DB5DD92-C5CC-41C9-90E0-51D7C8D0BA91}.Debug|Any CPU.Build.0 = Debug|Any CPU
		{2DB5DD92-C5CC-41C9-90E0-51D7C8D0BA91}.Release|Any CPU.ActiveCfg = Release|Any CPU
		{2DB5DD92-C5CC-41C9-90E0-51D7C8D0BA91}.Release|Any CPU.Build.0 = Release|Any CPU
		{9A4C673F-DA17-4439-8C1E-41F7B5B028C5}.Debug|Any CPU.ActiveCfg = Debug|Any CPU
		{9A4C673F-DA17-4439-8C1E-41F7B5B028C5}.Debug|Any CPU.Build.0 = Debug|Any CPU
		{9A4C673F-DA17-4439-8C1E-41F7B5B028C5}.Release|Any CPU.ActiveCfg = Release|Any CPU
		{9A4C673F-DA17-4439-8C1E-41F7B5B028C5}.Release|Any CPU.Build.0 = Release|Any CPU
		{C6C61502-BB2A-4428-9881-D460E3378389}.Debug|Any CPU.ActiveCfg = Debug|Any CPU
		{C6C61502-BB2A-4428-9881-D460E3378389}.Debug|Any CPU.Build.0 = Debug|Any CPU
		{C6C61502-BB2A-4428-9881-D460E3378389}.Release|Any CPU.ActiveCfg = Release|Any CPU
		{C6C61502-BB2A-4428-9881-D460E3378389}.Release|Any CPU.Build.0 = Release|Any CPU
		{94BF4B56-74F2-4E0D-8DA0-DA19C348878C}.Debug|Any CPU.ActiveCfg = Debug|Any CPU
		{94BF4B56-74F2-4E0D-8DA0-DA19C348878C}.Debug|Any CPU.Build.0 = Debug|Any CPU
		{94BF4B56-74F2-4E0D-8DA0-DA19C348878C}.Release|Any CPU.ActiveCfg = Release|Any CPU
		{94BF4B56-74F2-4E0D-8DA0-DA19C348878C}.Release|Any CPU.Build.0 = Release|Any CPU
		{D171203E-D1B0-4FA3-8596-D1FB55867D20}.Debug|Any CPU.ActiveCfg = Debug|Any CPU
		{D171203E-D1B0-4FA3-8596-D1FB55867D20}.Debug|Any CPU.Build.0 = Debug|Any CPU
		{D171203E-D1B0-4FA3-8596-D1FB55867D20}.Release|Any CPU.ActiveCfg = Release|Any CPU
		{D171203E-D1B0-4FA3-8596-D1FB55867D20}.Release|Any CPU.Build.0 = Release|Any CPU
		{C5636D7B-EA52-4C9C-ACB2-5C772BBA87C8}.Debug|Any CPU.ActiveCfg = Debug|Any CPU
		{C5636D7B-EA52-4C9C-ACB2-5C772BBA87C8}.Debug|Any CPU.Build.0 = Debug|Any CPU
		{C5636D7B-EA52-4C9C-ACB2-5C772BBA87C8}.Release|Any CPU.ActiveCfg = Release|Any CPU
		{C5636D7B-EA52-4C9C-ACB2-5C772BBA87C8}.Release|Any CPU.Build.0 = Release|Any CPU
		{A13DBFEE-37F1-4DF3-B7B1-68B9218B622D}.Debug|Any CPU.ActiveCfg = Debug|Any CPU
		{A13DBFEE-37F1-4DF3-B7B1-68B9218B622D}.Debug|Any CPU.Build.0 = Debug|Any CPU
		{A13DBFEE-37F1-4DF3-B7B1-68B9218B622D}.Release|Any CPU.ActiveCfg = Release|Any CPU
		{A13DBFEE-37F1-4DF3-B7B1-68B9218B622D}.Release|Any CPU.Build.0 = Release|Any CPU
		{3814126E-7F91-400F-ACBA-A946B646D6E9}.Debug|Any CPU.ActiveCfg = Debug|Any CPU
		{3814126E-7F91-400F-ACBA-A946B646D6E9}.Debug|Any CPU.Build.0 = Debug|Any CPU
		{3814126E-7F91-400F-ACBA-A946B646D6E9}.Release|Any CPU.ActiveCfg = Release|Any CPU
		{3814126E-7F91-400F-ACBA-A946B646D6E9}.Release|Any CPU.Build.0 = Release|Any CPU
		{6B367B63-4E05-4DA8-B3D0-0C43B44C4680}.Debug|Any CPU.ActiveCfg = Debug|Any CPU
		{6B367B63-4E05-4DA8-B3D0-0C43B44C4680}.Debug|Any CPU.Build.0 = Debug|Any CPU
		{6B367B63-4E05-4DA8-B3D0-0C43B44C4680}.Release|Any CPU.ActiveCfg = Release|Any CPU
		{6B367B63-4E05-4DA8-B3D0-0C43B44C4680}.Release|Any CPU.Build.0 = Release|Any CPU
	EndGlobalSection
	GlobalSection(SolutionProperties) = preSolution
		HideSolutionNode = FALSE
	EndGlobalSection
	GlobalSection(ExtensibilityGlobals) = postSolution
		SolutionGuid = {ADDA55FA-07D3-4FC9-8004-A6F536534C8D}
	EndGlobalSection
EndGlobal
