
Microsoft Visual Studio Solution File, Format Version 12.00
# Visual Studio 15
VisualStudioVersion = 15.0.27703.2035
MinimumVisualStudioVersion = 10.0.40219.1
Project("{9A19103F-16F7-4668-BE54-9A1E7A4F7556}") = "DemoFinalExam", "DemoFinalExam\DemoFinalExam.csproj", "{B77AF697-C85A-4E15-B2AA-302896E1A368}"
EndProject
Project("{FAE04EC0-301F-11D3-BF4B-00C04F79EFBC}") = "SecondTas", "SecondTas\SecondTas.csproj", "{938DA6F0-775D-4DE0-9C96-42A2D6CDF632}"
EndProject
Global
	GlobalSection(SolutionConfigurationPlatforms) = preSolution
		Debug|Any CPU = Debug|Any CPU
		Release|Any CPU = Release|Any CPU
	EndGlobalSection
	GlobalSection(ProjectConfigurationPlatforms) = postSolution
		{B77AF697-C85A-4E15-B2AA-302896E1A368}.Debug|Any CPU.ActiveCfg = Debug|Any CPU
		{B77AF697-C85A-4E15-B2AA-302896E1A368}.Debug|Any CPU.Build.0 = Debug|Any CPU
		{B77AF697-C85A-4E15-B2AA-302896E1A368}.Release|Any CPU.ActiveCfg = Release|Any CPU
		{B77AF697-C85A-4E15-B2AA-302896E1A368}.Release|Any CPU.Build.0 = Release|Any CPU
		{938DA6F0-775D-4DE0-9C96-42A2D6CDF632}.Debug|Any CPU.ActiveCfg = Debug|Any CPU
		{938DA6F0-775D-4DE0-9C96-42A2D6CDF632}.Debug|Any CPU.Build.0 = Debug|Any CPU
		{938DA6F0-775D-4DE0-9C96-42A2D6CDF632}.Release|Any CPU.ActiveCfg = Release|Any CPU
		{938DA6F0-775D-4DE0-9C96-42A2D6CDF632}.Release|Any CPU.Build.0 = Release|Any CPU
	EndGlobalSection
	GlobalSection(SolutionProperties) = preSolution
		HideSolutionNode = FALSE
	EndGlobalSection
	GlobalSection(ExtensibilityGlobals) = postSolution
		SolutionGuid = {1918996D-6100-456C-BE87-5DF910BAAD44}
	EndGlobalSection
EndGlobal
