
Microsoft Visual Studio Solution File, Format Version 12.00
# Visual Studio 15
VisualStudioVersion = 15.0.27703.2035
MinimumVisualStudioVersion = 10.0.40219.1
Project("{FAE04EC0-301F-11D3-BF4B-00C04F79EFBC}") = "ConsoleApp8", "ConsoleApp8\ConsoleApp8.csproj", "{13C62EE6-CD99-42D3-9DBD-107B41D8EA83}"
EndProject
Project("{FAE04EC0-301F-11D3-BF4B-00C04F79EFBC}") = "ConsoleApp1", "ConsoleApp1\ConsoleApp1.csproj", "{C86A39BE-FE7A-4D80-B291-BF2C514ED2DA}"
EndProject
Project("{FAE04EC0-301F-11D3-BF4B-00C04F79EFBC}") = "CaptureMonths", "CaptureMonths\CaptureMonths.csproj", "{6FD5FBD9-C3E4-4369-AD48-C040DD6E2059}"
EndProject
Project("{FAE04EC0-301F-11D3-BF4B-00C04F79EFBC}") = "MatchNumbers", "MatchNumbers\MatchNumbers.csproj", "{ECB56A31-531D-4035-AC4C-529865FF5D0C}"
EndProject
Project("{FAE04EC0-301F-11D3-BF4B-00C04F79EFBC}") = "ConsoleApp2", "ConsoleApp2\ConsoleApp2.csproj", "{A9D63B36-EF10-48C8-804D-8B1E01620BF4}"
EndProject
Project("{FAE04EC0-301F-11D3-BF4B-00C04F79EFBC}") = "ConsoleApp3", "ConsoleApp3\ConsoleApp3.csproj", "{CA5522B5-C2B4-4CA4-96CF-E4F8641484CF}"
EndProject
Project("{FAE04EC0-301F-11D3-BF4B-00C04F79EFBC}") = "CameraView", "CameraView\CameraView.csproj", "{2C8740B2-2A72-427F-A882-51354CB60221}"
EndProject
Project("{FAE04EC0-301F-11D3-BF4B-00C04F79EFBC}") = "WeatherProgram", "Weather\WeatherProgram.csproj", "{793DEB2B-40C4-4CEA-A387-EDF8159CF49C}"
EndProject
Project("{FAE04EC0-301F-11D3-BF4B-00C04F79EFBC}") = "ConsoleApp4", "ConsoleApp4\ConsoleApp4.csproj", "{715CEDBB-7698-480A-A49A-CFF76CE826C0}"
EndProject
Project("{FAE04EC0-301F-11D3-BF4B-00C04F79EFBC}") = "ConsoleApp5", "ConsoleApp5\ConsoleApp5.csproj", "{C1AE693E-60F7-4B6F-B4EE-A566C60A514C}"
EndProject
Project("{FAE04EC0-301F-11D3-BF4B-00C04F79EFBC}") = "QueryMess", "QueryMess\QueryMess.csproj", "{5F92B999-1462-4AA9-A6A5-CB343A33D300}"
EndProject
Project("{FAE04EC0-301F-11D3-BF4B-00C04F79EFBC}") = "UseChains", "UseChains\UseChains.csproj", "{8DC1A77D-B686-41AD-9C3A-5260F5478D8F}"
EndProject
Project("{FAE04EC0-301F-11D3-BF4B-00C04F79EFBC}") = "Numbers", "Numbers\Numbers.csproj", "{F886AEAC-AD6E-4B29-B6F8-073284AF5D6A}"
EndProject
Project("{FAE04EC0-301F-11D3-BF4B-00C04F79EFBC}") = "Emails", "Emails\Emails.csproj", "{FCCBC09F-A190-48B0-B263-FBB9D7D7CBA2}"
EndProject
Project("{FAE04EC0-301F-11D3-BF4B-00C04F79EFBC}") = "Furniture", "Furniture\Furniture.csproj", "{A37AA75C-B235-4F3C-8E9B-C0F732A877FC}"
EndProject
Project("{FAE04EC0-301F-11D3-BF4B-00C04F79EFBC}") = "Race", "Race\Race.csproj", "{4C67BE87-1C8A-4C88-BD7E-55A9046976E2}"
EndProject
Project("{FAE04EC0-301F-11D3-BF4B-00C04F79EFBC}") = "StarEnigma", "StarEnigma\StarEnigma.csproj", "{5756E9BE-0B18-447B-B05F-F30215D20568}"
EndProject
Project("{FAE04EC0-301F-11D3-BF4B-00C04F79EFBC}") = "NetherReaml", "NetherReaml\NetherReaml.csproj", "{074F4487-38E5-441A-8EB1-41360F6DFE39}"
EndProject
Project("{FAE04EC0-301F-11D3-BF4B-00C04F79EFBC}") = "ConsoleApp6", "ConsoleApp6\ConsoleApp6.csproj", "{0B615081-78E0-4A69-9329-FD0BB7B26BB8}"
EndProject
Project("{FAE04EC0-301F-11D3-BF4B-00C04F79EFBC}") = "HTMLparser", "HTMLparser\HTMLparser.csproj", "{3277C46A-085E-43DE-9454-BC88B5A88B05}"
EndProject
Project("{FAE04EC0-301F-11D3-BF4B-00C04F79EFBC}") = "HTMLPARESER", "HTMLPARESER\HTMLPARESER.csproj", "{14888730-D3C1-4883-8201-060337694D85}"
EndProject
Global
	GlobalSection(SolutionConfigurationPlatforms) = preSolution
		Debug|Any CPU = Debug|Any CPU
		Release|Any CPU = Release|Any CPU
	EndGlobalSection
	GlobalSection(ProjectConfigurationPlatforms) = postSolution
		{13C62EE6-CD99-42D3-9DBD-107B41D8EA83}.Debug|Any CPU.ActiveCfg = Debug|Any CPU
		{13C62EE6-CD99-42D3-9DBD-107B41D8EA83}.Debug|Any CPU.Build.0 = Debug|Any CPU
		{13C62EE6-CD99-42D3-9DBD-107B41D8EA83}.Release|Any CPU.ActiveCfg = Release|Any CPU
		{13C62EE6-CD99-42D3-9DBD-107B41D8EA83}.Release|Any CPU.Build.0 = Release|Any CPU
		{C86A39BE-FE7A-4D80-B291-BF2C514ED2DA}.Debug|Any CPU.ActiveCfg = Debug|Any CPU
		{C86A39BE-FE7A-4D80-B291-BF2C514ED2DA}.Debug|Any CPU.Build.0 = Debug|Any CPU
		{C86A39BE-FE7A-4D80-B291-BF2C514ED2DA}.Release|Any CPU.ActiveCfg = Release|Any CPU
		{C86A39BE-FE7A-4D80-B291-BF2C514ED2DA}.Release|Any CPU.Build.0 = Release|Any CPU
		{6FD5FBD9-C3E4-4369-AD48-C040DD6E2059}.Debug|Any CPU.ActiveCfg = Debug|Any CPU
		{6FD5FBD9-C3E4-4369-AD48-C040DD6E2059}.Debug|Any CPU.Build.0 = Debug|Any CPU
		{6FD5FBD9-C3E4-4369-AD48-C040DD6E2059}.Release|Any CPU.ActiveCfg = Release|Any CPU
		{6FD5FBD9-C3E4-4369-AD48-C040DD6E2059}.Release|Any CPU.Build.0 = Release|Any CPU
		{ECB56A31-531D-4035-AC4C-529865FF5D0C}.Debug|Any CPU.ActiveCfg = Debug|Any CPU
		{ECB56A31-531D-4035-AC4C-529865FF5D0C}.Debug|Any CPU.Build.0 = Debug|Any CPU
		{ECB56A31-531D-4035-AC4C-529865FF5D0C}.Release|Any CPU.ActiveCfg = Release|Any CPU
		{ECB56A31-531D-4035-AC4C-529865FF5D0C}.Release|Any CPU.Build.0 = Release|Any CPU
		{A9D63B36-EF10-48C8-804D-8B1E01620BF4}.Debug|Any CPU.ActiveCfg = Debug|Any CPU
		{A9D63B36-EF10-48C8-804D-8B1E01620BF4}.Debug|Any CPU.Build.0 = Debug|Any CPU
		{A9D63B36-EF10-48C8-804D-8B1E01620BF4}.Release|Any CPU.ActiveCfg = Release|Any CPU
		{A9D63B36-EF10-48C8-804D-8B1E01620BF4}.Release|Any CPU.Build.0 = Release|Any CPU
		{CA5522B5-C2B4-4CA4-96CF-E4F8641484CF}.Debug|Any CPU.ActiveCfg = Debug|Any CPU
		{CA5522B5-C2B4-4CA4-96CF-E4F8641484CF}.Debug|Any CPU.Build.0 = Debug|Any CPU
		{CA5522B5-C2B4-4CA4-96CF-E4F8641484CF}.Release|Any CPU.ActiveCfg = Release|Any CPU
		{CA5522B5-C2B4-4CA4-96CF-E4F8641484CF}.Release|Any CPU.Build.0 = Release|Any CPU
		{2C8740B2-2A72-427F-A882-51354CB60221}.Debug|Any CPU.ActiveCfg = Debug|Any CPU
		{2C8740B2-2A72-427F-A882-51354CB60221}.Debug|Any CPU.Build.0 = Debug|Any CPU
		{2C8740B2-2A72-427F-A882-51354CB60221}.Release|Any CPU.ActiveCfg = Release|Any CPU
		{2C8740B2-2A72-427F-A882-51354CB60221}.Release|Any CPU.Build.0 = Release|Any CPU
		{793DEB2B-40C4-4CEA-A387-EDF8159CF49C}.Debug|Any CPU.ActiveCfg = Debug|Any CPU
		{793DEB2B-40C4-4CEA-A387-EDF8159CF49C}.Debug|Any CPU.Build.0 = Debug|Any CPU
		{793DEB2B-40C4-4CEA-A387-EDF8159CF49C}.Release|Any CPU.ActiveCfg = Release|Any CPU
		{793DEB2B-40C4-4CEA-A387-EDF8159CF49C}.Release|Any CPU.Build.0 = Release|Any CPU
		{715CEDBB-7698-480A-A49A-CFF76CE826C0}.Debug|Any CPU.ActiveCfg = Debug|Any CPU
		{715CEDBB-7698-480A-A49A-CFF76CE826C0}.Debug|Any CPU.Build.0 = Debug|Any CPU
		{715CEDBB-7698-480A-A49A-CFF76CE826C0}.Release|Any CPU.ActiveCfg = Release|Any CPU
		{715CEDBB-7698-480A-A49A-CFF76CE826C0}.Release|Any CPU.Build.0 = Release|Any CPU
		{C1AE693E-60F7-4B6F-B4EE-A566C60A514C}.Debug|Any CPU.ActiveCfg = Debug|Any CPU
		{C1AE693E-60F7-4B6F-B4EE-A566C60A514C}.Debug|Any CPU.Build.0 = Debug|Any CPU
		{C1AE693E-60F7-4B6F-B4EE-A566C60A514C}.Release|Any CPU.ActiveCfg = Release|Any CPU
		{C1AE693E-60F7-4B6F-B4EE-A566C60A514C}.Release|Any CPU.Build.0 = Release|Any CPU
		{5F92B999-1462-4AA9-A6A5-CB343A33D300}.Debug|Any CPU.ActiveCfg = Debug|Any CPU
		{5F92B999-1462-4AA9-A6A5-CB343A33D300}.Debug|Any CPU.Build.0 = Debug|Any CPU
		{5F92B999-1462-4AA9-A6A5-CB343A33D300}.Release|Any CPU.ActiveCfg = Release|Any CPU
		{5F92B999-1462-4AA9-A6A5-CB343A33D300}.Release|Any CPU.Build.0 = Release|Any CPU
		{8DC1A77D-B686-41AD-9C3A-5260F5478D8F}.Debug|Any CPU.ActiveCfg = Debug|Any CPU
		{8DC1A77D-B686-41AD-9C3A-5260F5478D8F}.Debug|Any CPU.Build.0 = Debug|Any CPU
		{8DC1A77D-B686-41AD-9C3A-5260F5478D8F}.Release|Any CPU.ActiveCfg = Release|Any CPU
		{8DC1A77D-B686-41AD-9C3A-5260F5478D8F}.Release|Any CPU.Build.0 = Release|Any CPU
		{F886AEAC-AD6E-4B29-B6F8-073284AF5D6A}.Debug|Any CPU.ActiveCfg = Debug|Any CPU
		{F886AEAC-AD6E-4B29-B6F8-073284AF5D6A}.Debug|Any CPU.Build.0 = Debug|Any CPU
		{F886AEAC-AD6E-4B29-B6F8-073284AF5D6A}.Release|Any CPU.ActiveCfg = Release|Any CPU
		{F886AEAC-AD6E-4B29-B6F8-073284AF5D6A}.Release|Any CPU.Build.0 = Release|Any CPU
		{FCCBC09F-A190-48B0-B263-FBB9D7D7CBA2}.Debug|Any CPU.ActiveCfg = Debug|Any CPU
		{FCCBC09F-A190-48B0-B263-FBB9D7D7CBA2}.Debug|Any CPU.Build.0 = Debug|Any CPU
		{FCCBC09F-A190-48B0-B263-FBB9D7D7CBA2}.Release|Any CPU.ActiveCfg = Release|Any CPU
		{FCCBC09F-A190-48B0-B263-FBB9D7D7CBA2}.Release|Any CPU.Build.0 = Release|Any CPU
		{A37AA75C-B235-4F3C-8E9B-C0F732A877FC}.Debug|Any CPU.ActiveCfg = Debug|Any CPU
		{A37AA75C-B235-4F3C-8E9B-C0F732A877FC}.Debug|Any CPU.Build.0 = Debug|Any CPU
		{A37AA75C-B235-4F3C-8E9B-C0F732A877FC}.Release|Any CPU.ActiveCfg = Release|Any CPU
		{A37AA75C-B235-4F3C-8E9B-C0F732A877FC}.Release|Any CPU.Build.0 = Release|Any CPU
		{4C67BE87-1C8A-4C88-BD7E-55A9046976E2}.Debug|Any CPU.ActiveCfg = Debug|Any CPU
		{4C67BE87-1C8A-4C88-BD7E-55A9046976E2}.Debug|Any CPU.Build.0 = Debug|Any CPU
		{4C67BE87-1C8A-4C88-BD7E-55A9046976E2}.Release|Any CPU.ActiveCfg = Release|Any CPU
		{4C67BE87-1C8A-4C88-BD7E-55A9046976E2}.Release|Any CPU.Build.0 = Release|Any CPU
		{5756E9BE-0B18-447B-B05F-F30215D20568}.Debug|Any CPU.ActiveCfg = Debug|Any CPU
		{5756E9BE-0B18-447B-B05F-F30215D20568}.Debug|Any CPU.Build.0 = Debug|Any CPU
		{5756E9BE-0B18-447B-B05F-F30215D20568}.Release|Any CPU.ActiveCfg = Release|Any CPU
		{5756E9BE-0B18-447B-B05F-F30215D20568}.Release|Any CPU.Build.0 = Release|Any CPU
		{074F4487-38E5-441A-8EB1-41360F6DFE39}.Debug|Any CPU.ActiveCfg = Debug|Any CPU
		{074F4487-38E5-441A-8EB1-41360F6DFE39}.Debug|Any CPU.Build.0 = Debug|Any CPU
		{074F4487-38E5-441A-8EB1-41360F6DFE39}.Release|Any CPU.ActiveCfg = Release|Any CPU
		{074F4487-38E5-441A-8EB1-41360F6DFE39}.Release|Any CPU.Build.0 = Release|Any CPU
		{0B615081-78E0-4A69-9329-FD0BB7B26BB8}.Debug|Any CPU.ActiveCfg = Debug|Any CPU
		{0B615081-78E0-4A69-9329-FD0BB7B26BB8}.Debug|Any CPU.Build.0 = Debug|Any CPU
		{0B615081-78E0-4A69-9329-FD0BB7B26BB8}.Release|Any CPU.ActiveCfg = Release|Any CPU
		{0B615081-78E0-4A69-9329-FD0BB7B26BB8}.Release|Any CPU.Build.0 = Release|Any CPU
		{3277C46A-085E-43DE-9454-BC88B5A88B05}.Debug|Any CPU.ActiveCfg = Debug|Any CPU
		{3277C46A-085E-43DE-9454-BC88B5A88B05}.Debug|Any CPU.Build.0 = Debug|Any CPU
		{3277C46A-085E-43DE-9454-BC88B5A88B05}.Release|Any CPU.ActiveCfg = Release|Any CPU
		{3277C46A-085E-43DE-9454-BC88B5A88B05}.Release|Any CPU.Build.0 = Release|Any CPU
		{14888730-D3C1-4883-8201-060337694D85}.Debug|Any CPU.ActiveCfg = Debug|Any CPU
		{14888730-D3C1-4883-8201-060337694D85}.Debug|Any CPU.Build.0 = Debug|Any CPU
		{14888730-D3C1-4883-8201-060337694D85}.Release|Any CPU.ActiveCfg = Release|Any CPU
		{14888730-D3C1-4883-8201-060337694D85}.Release|Any CPU.Build.0 = Release|Any CPU
	EndGlobalSection
	GlobalSection(SolutionProperties) = preSolution
		HideSolutionNode = FALSE
	EndGlobalSection
	GlobalSection(ExtensibilityGlobals) = postSolution
		SolutionGuid = {20BEF2A9-33E6-4196-B1C8-DB657BDB878F}
	EndGlobalSection
EndGlobal
