
Microsoft Visual Studio Solution File, Format Version 12.00
# Visual Studio 15
VisualStudioVersion = 15.0.27703.2035
MinimumVisualStudioVersion = 10.0.40219.1
Project("{FAE04EC0-301F-11D3-BF4B-00C04F79EFBC}") = "WindowsFormsApp1", "WindowsFormsApp1\WindowsFormsApp1.csproj", "{DF469180-95DD-4ECE-B8BC-D92DD29BAF37}"
EndProject
Global
	GlobalSection(SolutionConfigurationPlatforms) = preSolution
		Debug|Any CPU = Debug|Any CPU
		Release|Any CPU = Release|Any CPU
	EndGlobalSection
	GlobalSection(ProjectConfigurationPlatforms) = postSolution
		{DF469180-95DD-4ECE-B8BC-D92DD29BAF37}.Debug|Any CPU.ActiveCfg = Debug|Any CPU
		{DF469180-95DD-4ECE-B8BC-D92DD29BAF37}.Debug|Any CPU.Build.0 = Debug|Any CPU
		{DF469180-95DD-4ECE-B8BC-D92DD29BAF37}.Release|Any CPU.ActiveCfg = Release|Any CPU
		{DF469180-95DD-4ECE-B8BC-D92DD29BAF37}.Release|Any CPU.Build.0 = Release|Any CPU
	EndGlobalSection
	GlobalSection(SolutionProperties) = preSolution
		HideSolutionNode = FALSE
	EndGlobalSection
	GlobalSection(ExtensibilityGlobals) = postSolution
		SolutionGuid = {26687A2E-BF7A-4514-81D2-BC01648FA59A}
	EndGlobalSection
EndGlobal
