
Microsoft Visual Studio Solution File, Format Version 12.00
# Visual Studio 15
VisualStudioVersion = 15.0.27703.2035
MinimumVisualStudioVersion = 10.0.40219.1
Project("{FAE04EC0-301F-11D3-BF4B-00C04F79EFBC}") = "BakingMasterClass", "BakingMasterClass\BakingMasterClass.csproj", "{F0F9A2FA-20EA-4244-959C-369454F2BF0A}"
EndProject
Project("{FAE04EC0-301F-11D3-BF4B-00C04F79EFBC}") = "MasterClass", "MasterClass\MasterClass.csproj", "{37CFC581-1AB6-4E09-966A-CF867B52FA2A}"
EndProject
Project("{FAE04EC0-301F-11D3-BF4B-00C04F79EFBC}") = "BakingFactory", "BakingFactory\BakingFactory.csproj", "{98B03387-CA20-4233-B688-9E91DA708533}"
EndProject
Global
	GlobalSection(SolutionConfigurationPlatforms) = preSolution
		Debug|Any CPU = Debug|Any CPU
		Release|Any CPU = Release|Any CPU
	EndGlobalSection
	GlobalSection(ProjectConfigurationPlatforms) = postSolution
		{F0F9A2FA-20EA-4244-959C-369454F2BF0A}.Debug|Any CPU.ActiveCfg = Debug|Any CPU
		{F0F9A2FA-20EA-4244-959C-369454F2BF0A}.Debug|Any CPU.Build.0 = Debug|Any CPU
		{F0F9A2FA-20EA-4244-959C-369454F2BF0A}.Release|Any CPU.ActiveCfg = Release|Any CPU
		{F0F9A2FA-20EA-4244-959C-369454F2BF0A}.Release|Any CPU.Build.0 = Release|Any CPU
		{37CFC581-1AB6-4E09-966A-CF867B52FA2A}.Debug|Any CPU.ActiveCfg = Debug|Any CPU
		{37CFC581-1AB6-4E09-966A-CF867B52FA2A}.Debug|Any CPU.Build.0 = Debug|Any CPU
		{37CFC581-1AB6-4E09-966A-CF867B52FA2A}.Release|Any CPU.ActiveCfg = Release|Any CPU
		{37CFC581-1AB6-4E09-966A-CF867B52FA2A}.Release|Any CPU.Build.0 = Release|Any CPU
		{98B03387-CA20-4233-B688-9E91DA708533}.Debug|Any CPU.ActiveCfg = Debug|Any CPU
		{98B03387-CA20-4233-B688-9E91DA708533}.Debug|Any CPU.Build.0 = Debug|Any CPU
		{98B03387-CA20-4233-B688-9E91DA708533}.Release|Any CPU.ActiveCfg = Release|Any CPU
		{98B03387-CA20-4233-B688-9E91DA708533}.Release|Any CPU.Build.0 = Release|Any CPU
	EndGlobalSection
	GlobalSection(SolutionProperties) = preSolution
		HideSolutionNode = FALSE
	EndGlobalSection
	GlobalSection(ExtensibilityGlobals) = postSolution
		SolutionGuid = {6759A07A-098B-4B8A-A6A7-C65AFCCF8979}
	EndGlobalSection
EndGlobal
