
Microsoft Visual Studio Solution File, Format Version 12.00
# Visual Studio 15
VisualStudioVersion = 15.0.27703.2035
MinimumVisualStudioVersion = 10.0.40219.1
Project("{FAE04EC0-301F-11D3-BF4B-00C04F79EFBC}") = "ConsoleApp8", "ConsoleApp8\ConsoleApp8.csproj", "{F2E00525-6CBF-4DA5-B944-3617A564EC05}"
EndProject
Project("{FAE04EC0-301F-11D3-BF4B-00C04F79EFBC}") = "ConsoleApp1", "ConsoleApp1\ConsoleApp1.csproj", "{46E03026-C77A-407A-99AE-6805FF6B440C}"
EndProject
Project("{FAE04EC0-301F-11D3-BF4B-00C04F79EFBC}") = "ConsoleApp2", "ConsoleApp2\ConsoleApp2.csproj", "{8A7021FA-7EFC-4F2E-92C6-A226C8247ACE}"
EndProject
Project("{FAE04EC0-301F-11D3-BF4B-00C04F79EFBC}") = "ConsoleApp3", "ConsoleApp3\ConsoleApp3.csproj", "{7FB11112-5A1D-435C-BF0C-802F49BFB5B0}"
EndProject
Project("{FAE04EC0-301F-11D3-BF4B-00C04F79EFBC}") = "ConsoleApp4", "ConsoleApp4\ConsoleApp4.csproj", "{E49C6FE7-938F-422D-B9BB-EF61E9CAEC21}"
EndProject
Project("{FAE04EC0-301F-11D3-BF4B-00C04F79EFBC}") = "ConsoleApp5", "ConsoleApp5\ConsoleApp5.csproj", "{0DFB48B0-793B-477F-AAC2-28EFCE5E5AEB}"
EndProject
Project("{FAE04EC0-301F-11D3-BF4B-00C04F79EFBC}") = "ConsoleApp6", "ConsoleApp6\ConsoleApp6.csproj", "{3DEDB1DE-5810-425B-81D8-A17832F1D706}"
EndProject
Project("{FAE04EC0-301F-11D3-BF4B-00C04F79EFBC}") = "ConsoleApp7", "ConsoleApp7\ConsoleApp7.csproj", "{277A5F9B-7A40-4532-803C-CE86A56C86A5}"
EndProject
Project("{FAE04EC0-301F-11D3-BF4B-00C04F79EFBC}") = "ConsoleApp9", "ConsoleApp9\ConsoleApp9.csproj", "{FDF2A282-F6CA-4C56-9512-33A67C0B12D6}"
EndProject
Project("{FAE04EC0-301F-11D3-BF4B-00C04F79EFBC}") = "ConsoleApp10", "ConsoleApp10\ConsoleApp10.csproj", "{79C28FB1-5491-49EF-B404-5FC12965AEAB}"
EndProject
Project("{FAE04EC0-301F-11D3-BF4B-00C04F79EFBC}") = "ConsoleApp11", "ConsoleApp11\ConsoleApp11.csproj", "{1FD53048-9784-4E6F-95E0-EDF51402957D}"
EndProject
Project("{FAE04EC0-301F-11D3-BF4B-00C04F79EFBC}") = "ConsoleApp12", "ConsoleApp12\ConsoleApp12.csproj", "{FB159E92-1A02-4FAB-9ABF-B6692B571600}"
EndProject
Project("{FAE04EC0-301F-11D3-BF4B-00C04F79EFBC}") = "ConsoleApp13", "ConsoleApp13\ConsoleApp13.csproj", "{D941A998-4246-413D-9EE7-863FCEECD45B}"
EndProject
Project("{FAE04EC0-301F-11D3-BF4B-00C04F79EFBC}") = "ConsoleApp14", "ConsoleApp14\ConsoleApp14.csproj", "{46F545E6-663B-4247-804A-DB75527BB64D}"
EndProject
Project("{FAE04EC0-301F-11D3-BF4B-00C04F79EFBC}") = "ConsoleApp15", "ConsoleApp15\ConsoleApp15.csproj", "{1AB6E551-0166-4046-901F-8708F0466410}"
EndProject
Project("{FAE04EC0-301F-11D3-BF4B-00C04F79EFBC}") = "ConsoleApp16", "ConsoleApp16\ConsoleApp16.csproj", "{56B87C1D-9B78-47C1-A936-0A9AB24503CC}"
EndProject
Project("{FAE04EC0-301F-11D3-BF4B-00C04F79EFBC}") = "ConsoleApp17", "ConsoleApp17\ConsoleApp17.csproj", "{13E8BB1D-7E21-4D22-9786-C050BD398530}"
EndProject
Project("{FAE04EC0-301F-11D3-BF4B-00C04F79EFBC}") = "ConsoleApp18", "ConsoleApp18\ConsoleApp18.csproj", "{A916C27F-F426-4B7B-B03A-494AEB8F8B24}"
EndProject
Project("{FAE04EC0-301F-11D3-BF4B-00C04F79EFBC}") = "ConsoleApp19", "ConsoleApp19\ConsoleApp19.csproj", "{1E2E4920-EC4A-420C-B827-82B72C55DA8E}"
EndProject
Project("{FAE04EC0-301F-11D3-BF4B-00C04F79EFBC}") = "ConsoleApp20", "ConsoleApp20\ConsoleApp20.csproj", "{D2FD4A6A-E1D5-458C-9E0B-1BED214F760A}"
EndProject
Project("{FAE04EC0-301F-11D3-BF4B-00C04F79EFBC}") = "ConsoleApp21", "ConsoleApp21\ConsoleApp21.csproj", "{6D88DFE1-D353-4BC2-9FB8-92FC0048C098}"
EndProject
Global
	GlobalSection(SolutionConfigurationPlatforms) = preSolution
		Debug|Any CPU = Debug|Any CPU
		Release|Any CPU = Release|Any CPU
	EndGlobalSection
	GlobalSection(ProjectConfigurationPlatforms) = postSolution
		{F2E00525-6CBF-4DA5-B944-3617A564EC05}.Debug|Any CPU.ActiveCfg = Debug|Any CPU
		{F2E00525-6CBF-4DA5-B944-3617A564EC05}.Debug|Any CPU.Build.0 = Debug|Any CPU
		{F2E00525-6CBF-4DA5-B944-3617A564EC05}.Release|Any CPU.ActiveCfg = Release|Any CPU
		{F2E00525-6CBF-4DA5-B944-3617A564EC05}.Release|Any CPU.Build.0 = Release|Any CPU
		{46E03026-C77A-407A-99AE-6805FF6B440C}.Debug|Any CPU.ActiveCfg = Debug|Any CPU
		{46E03026-C77A-407A-99AE-6805FF6B440C}.Debug|Any CPU.Build.0 = Debug|Any CPU
		{46E03026-C77A-407A-99AE-6805FF6B440C}.Release|Any CPU.ActiveCfg = Release|Any CPU
		{46E03026-C77A-407A-99AE-6805FF6B440C}.Release|Any CPU.Build.0 = Release|Any CPU
		{8A7021FA-7EFC-4F2E-92C6-A226C8247ACE}.Debug|Any CPU.ActiveCfg = Debug|Any CPU
		{8A7021FA-7EFC-4F2E-92C6-A226C8247ACE}.Debug|Any CPU.Build.0 = Debug|Any CPU
		{8A7021FA-7EFC-4F2E-92C6-A226C8247ACE}.Release|Any CPU.ActiveCfg = Release|Any CPU
		{8A7021FA-7EFC-4F2E-92C6-A226C8247ACE}.Release|Any CPU.Build.0 = Release|Any CPU
		{7FB11112-5A1D-435C-BF0C-802F49BFB5B0}.Debug|Any CPU.ActiveCfg = Debug|Any CPU
		{7FB11112-5A1D-435C-BF0C-802F49BFB5B0}.Debug|Any CPU.Build.0 = Debug|Any CPU
		{7FB11112-5A1D-435C-BF0C-802F49BFB5B0}.Release|Any CPU.ActiveCfg = Release|Any CPU
		{7FB11112-5A1D-435C-BF0C-802F49BFB5B0}.Release|Any CPU.Build.0 = Release|Any CPU
		{E49C6FE7-938F-422D-B9BB-EF61E9CAEC21}.Debug|Any CPU.ActiveCfg = Debug|Any CPU
		{E49C6FE7-938F-422D-B9BB-EF61E9CAEC21}.Debug|Any CPU.Build.0 = Debug|Any CPU
		{E49C6FE7-938F-422D-B9BB-EF61E9CAEC21}.Release|Any CPU.ActiveCfg = Release|Any CPU
		{E49C6FE7-938F-422D-B9BB-EF61E9CAEC21}.Release|Any CPU.Build.0 = Release|Any CPU
		{0DFB48B0-793B-477F-AAC2-28EFCE5E5AEB}.Debug|Any CPU.ActiveCfg = Debug|Any CPU
		{0DFB48B0-793B-477F-AAC2-28EFCE5E5AEB}.Debug|Any CPU.Build.0 = Debug|Any CPU
		{0DFB48B0-793B-477F-AAC2-28EFCE5E5AEB}.Release|Any CPU.ActiveCfg = Release|Any CPU
		{0DFB48B0-793B-477F-AAC2-28EFCE5E5AEB}.Release|Any CPU.Build.0 = Release|Any CPU
		{3DEDB1DE-5810-425B-81D8-A17832F1D706}.Debug|Any CPU.ActiveCfg = Debug|Any CPU
		{3DEDB1DE-5810-425B-81D8-A17832F1D706}.Debug|Any CPU.Build.0 = Debug|Any CPU
		{3DEDB1DE-5810-425B-81D8-A17832F1D706}.Release|Any CPU.ActiveCfg = Release|Any CPU
		{3DEDB1DE-5810-425B-81D8-A17832F1D706}.Release|Any CPU.Build.0 = Release|Any CPU
		{277A5F9B-7A40-4532-803C-CE86A56C86A5}.Debug|Any CPU.ActiveCfg = Debug|Any CPU
		{277A5F9B-7A40-4532-803C-CE86A56C86A5}.Debug|Any CPU.Build.0 = Debug|Any CPU
		{277A5F9B-7A40-4532-803C-CE86A56C86A5}.Release|Any CPU.ActiveCfg = Release|Any CPU
		{277A5F9B-7A40-4532-803C-CE86A56C86A5}.Release|Any CPU.Build.0 = Release|Any CPU
		{FDF2A282-F6CA-4C56-9512-33A67C0B12D6}.Debug|Any CPU.ActiveCfg = Debug|Any CPU
		{FDF2A282-F6CA-4C56-9512-33A67C0B12D6}.Debug|Any CPU.Build.0 = Debug|Any CPU
		{FDF2A282-F6CA-4C56-9512-33A67C0B12D6}.Release|Any CPU.ActiveCfg = Release|Any CPU
		{FDF2A282-F6CA-4C56-9512-33A67C0B12D6}.Release|Any CPU.Build.0 = Release|Any CPU
		{79C28FB1-5491-49EF-B404-5FC12965AEAB}.Debug|Any CPU.ActiveCfg = Debug|Any CPU
		{79C28FB1-5491-49EF-B404-5FC12965AEAB}.Debug|Any CPU.Build.0 = Debug|Any CPU
		{79C28FB1-5491-49EF-B404-5FC12965AEAB}.Release|Any CPU.ActiveCfg = Release|Any CPU
		{79C28FB1-5491-49EF-B404-5FC12965AEAB}.Release|Any CPU.Build.0 = Release|Any CPU
		{1FD53048-9784-4E6F-95E0-EDF51402957D}.Debug|Any CPU.ActiveCfg = Debug|Any CPU
		{1FD53048-9784-4E6F-95E0-EDF51402957D}.Debug|Any CPU.Build.0 = Debug|Any CPU
		{1FD53048-9784-4E6F-95E0-EDF51402957D}.Release|Any CPU.ActiveCfg = Release|Any CPU
		{1FD53048-9784-4E6F-95E0-EDF51402957D}.Release|Any CPU.Build.0 = Release|Any CPU
		{FB159E92-1A02-4FAB-9ABF-B6692B571600}.Debug|Any CPU.ActiveCfg = Debug|Any CPU
		{FB159E92-1A02-4FAB-9ABF-B6692B571600}.Debug|Any CPU.Build.0 = Debug|Any CPU
		{FB159E92-1A02-4FAB-9ABF-B6692B571600}.Release|Any CPU.ActiveCfg = Release|Any CPU
		{FB159E92-1A02-4FAB-9ABF-B6692B571600}.Release|Any CPU.Build.0 = Release|Any CPU
		{D941A998-4246-413D-9EE7-863FCEECD45B}.Debug|Any CPU.ActiveCfg = Debug|Any CPU
		{D941A998-4246-413D-9EE7-863FCEECD45B}.Debug|Any CPU.Build.0 = Debug|Any CPU
		{D941A998-4246-413D-9EE7-863FCEECD45B}.Release|Any CPU.ActiveCfg = Release|Any CPU
		{D941A998-4246-413D-9EE7-863FCEECD45B}.Release|Any CPU.Build.0 = Release|Any CPU
		{46F545E6-663B-4247-804A-DB75527BB64D}.Debug|Any CPU.ActiveCfg = Debug|Any CPU
		{46F545E6-663B-4247-804A-DB75527BB64D}.Debug|Any CPU.Build.0 = Debug|Any CPU
		{46F545E6-663B-4247-804A-DB75527BB64D}.Release|Any CPU.ActiveCfg = Release|Any CPU
		{46F545E6-663B-4247-804A-DB75527BB64D}.Release|Any CPU.Build.0 = Release|Any CPU
		{1AB6E551-0166-4046-901F-8708F0466410}.Debug|Any CPU.ActiveCfg = Debug|Any CPU
		{1AB6E551-0166-4046-901F-8708F0466410}.Debug|Any CPU.Build.0 = Debug|Any CPU
		{1AB6E551-0166-4046-901F-8708F0466410}.Release|Any CPU.ActiveCfg = Release|Any CPU
		{1AB6E551-0166-4046-901F-8708F0466410}.Release|Any CPU.Build.0 = Release|Any CPU
		{56B87C1D-9B78-47C1-A936-0A9AB24503CC}.Debug|Any CPU.ActiveCfg = Debug|Any CPU
		{56B87C1D-9B78-47C1-A936-0A9AB24503CC}.Debug|Any CPU.Build.0 = Debug|Any CPU
		{56B87C1D-9B78-47C1-A936-0A9AB24503CC}.Release|Any CPU.ActiveCfg = Release|Any CPU
		{56B87C1D-9B78-47C1-A936-0A9AB24503CC}.Release|Any CPU.Build.0 = Release|Any CPU
		{13E8BB1D-7E21-4D22-9786-C050BD398530}.Debug|Any CPU.ActiveCfg = Debug|Any CPU
		{13E8BB1D-7E21-4D22-9786-C050BD398530}.Debug|Any CPU.Build.0 = Debug|Any CPU
		{13E8BB1D-7E21-4D22-9786-C050BD398530}.Release|Any CPU.ActiveCfg = Release|Any CPU
		{13E8BB1D-7E21-4D22-9786-C050BD398530}.Release|Any CPU.Build.0 = Release|Any CPU
		{A916C27F-F426-4B7B-B03A-494AEB8F8B24}.Debug|Any CPU.ActiveCfg = Debug|Any CPU
		{A916C27F-F426-4B7B-B03A-494AEB8F8B24}.Debug|Any CPU.Build.0 = Debug|Any CPU
		{A916C27F-F426-4B7B-B03A-494AEB8F8B24}.Release|Any CPU.ActiveCfg = Release|Any CPU
		{A916C27F-F426-4B7B-B03A-494AEB8F8B24}.Release|Any CPU.Build.0 = Release|Any CPU
		{1E2E4920-EC4A-420C-B827-82B72C55DA8E}.Debug|Any CPU.ActiveCfg = Debug|Any CPU
		{1E2E4920-EC4A-420C-B827-82B72C55DA8E}.Debug|Any CPU.Build.0 = Debug|Any CPU
		{1E2E4920-EC4A-420C-B827-82B72C55DA8E}.Release|Any CPU.ActiveCfg = Release|Any CPU
		{1E2E4920-EC4A-420C-B827-82B72C55DA8E}.Release|Any CPU.Build.0 = Release|Any CPU
		{D2FD4A6A-E1D5-458C-9E0B-1BED214F760A}.Debug|Any CPU.ActiveCfg = Debug|Any CPU
		{D2FD4A6A-E1D5-458C-9E0B-1BED214F760A}.Debug|Any CPU.Build.0 = Debug|Any CPU
		{D2FD4A6A-E1D5-458C-9E0B-1BED214F760A}.Release|Any CPU.ActiveCfg = Release|Any CPU
		{D2FD4A6A-E1D5-458C-9E0B-1BED214F760A}.Release|Any CPU.Build.0 = Release|Any CPU
		{6D88DFE1-D353-4BC2-9FB8-92FC0048C098}.Debug|Any CPU.ActiveCfg = Debug|Any CPU
		{6D88DFE1-D353-4BC2-9FB8-92FC0048C098}.Debug|Any CPU.Build.0 = Debug|Any CPU
		{6D88DFE1-D353-4BC2-9FB8-92FC0048C098}.Release|Any CPU.ActiveCfg = Release|Any CPU
		{6D88DFE1-D353-4BC2-9FB8-92FC0048C098}.Release|Any CPU.Build.0 = Release|Any CPU
	EndGlobalSection
	GlobalSection(SolutionProperties) = preSolution
		HideSolutionNode = FALSE
	EndGlobalSection
	GlobalSection(ExtensibilityGlobals) = postSolution
		SolutionGuid = {2F71AA16-A5E5-4588-93F4-0F36712B1CE7}
	EndGlobalSection
EndGlobal
