
Microsoft Visual Studio Solution File, Format Version 12.00
# Visual Studio 15
VisualStudioVersion = 15.0.27703.2035
MinimumVisualStudioVersion = 10.0.40219.1
Project("{FAE04EC0-301F-11D3-BF4B-00C04F79EFBC}") = "FirstTask", "FirstTask\FirstTask.csproj", "{C9D8FCD4-0ECA-4EBC-A03C-127F915A8436}"
EndProject
Project("{FAE04EC0-301F-11D3-BF4B-00C04F79EFBC}") = "SecondTask", "SecondTask\SecondTask.csproj", "{C24B1497-D9C5-46AC-9BAE-C202E56E5BF4}"
EndProject
Project("{FAE04EC0-301F-11D3-BF4B-00C04F79EFBC}") = "FirstTaskCore", "FirstTaskCore\FirstTaskCore.csproj", "{6AAC5D60-E6C9-4F8D-BF89-93333541804E}"
EndProject
Project("{FAE04EC0-301F-11D3-BF4B-00C04F79EFBC}") = "TaskOne", "TaskOne\TaskOne.csproj", "{501F342F-A71B-4830-BA83-D9FF3151E29C}"
EndProject
Global
	GlobalSection(SolutionConfigurationPlatforms) = preSolution
		Debug|Any CPU = Debug|Any CPU
		Release|Any CPU = Release|Any CPU
	EndGlobalSection
	GlobalSection(ProjectConfigurationPlatforms) = postSolution
		{C9D8FCD4-0ECA-4EBC-A03C-127F915A8436}.Debug|Any CPU.ActiveCfg = Debug|Any CPU
		{C9D8FCD4-0ECA-4EBC-A03C-127F915A8436}.Debug|Any CPU.Build.0 = Debug|Any CPU
		{C9D8FCD4-0ECA-4EBC-A03C-127F915A8436}.Release|Any CPU.ActiveCfg = Release|Any CPU
		{C9D8FCD4-0ECA-4EBC-A03C-127F915A8436}.Release|Any CPU.Build.0 = Release|Any CPU
		{C24B1497-D9C5-46AC-9BAE-C202E56E5BF4}.Debug|Any CPU.ActiveCfg = Debug|Any CPU
		{C24B1497-D9C5-46AC-9BAE-C202E56E5BF4}.Debug|Any CPU.Build.0 = Debug|Any CPU
		{C24B1497-D9C5-46AC-9BAE-C202E56E5BF4}.Release|Any CPU.ActiveCfg = Release|Any CPU
		{C24B1497-D9C5-46AC-9BAE-C202E56E5BF4}.Release|Any CPU.Build.0 = Release|Any CPU
		{6AAC5D60-E6C9-4F8D-BF89-93333541804E}.Debug|Any CPU.ActiveCfg = Debug|Any CPU
		{6AAC5D60-E6C9-4F8D-BF89-93333541804E}.Debug|Any CPU.Build.0 = Debug|Any CPU
		{6AAC5D60-E6C9-4F8D-BF89-93333541804E}.Release|Any CPU.ActiveCfg = Release|Any CPU
		{6AAC5D60-E6C9-4F8D-BF89-93333541804E}.Release|Any CPU.Build.0 = Release|Any CPU
		{501F342F-A71B-4830-BA83-D9FF3151E29C}.Debug|Any CPU.ActiveCfg = Debug|Any CPU
		{501F342F-A71B-4830-BA83-D9FF3151E29C}.Debug|Any CPU.Build.0 = Debug|Any CPU
		{501F342F-A71B-4830-BA83-D9FF3151E29C}.Release|Any CPU.ActiveCfg = Release|Any CPU
		{501F342F-A71B-4830-BA83-D9FF3151E29C}.Release|Any CPU.Build.0 = Release|Any CPU
	EndGlobalSection
	GlobalSection(SolutionProperties) = preSolution
		HideSolutionNode = FALSE
	EndGlobalSection
	GlobalSection(ExtensibilityGlobals) = postSolution
		SolutionGuid = {0CAA8755-FAD7-4E1C-81D4-E3856C4DFA29}
	EndGlobalSection
EndGlobal
