
Microsoft Visual Studio Solution File, Format Version 12.00
# Visual Studio 15
VisualStudioVersion = 15.0.27703.2035
MinimumVisualStudioVersion = 10.0.40219.1
Project("{9092AA53-FB77-4645-B42D-1CCCA6BD08BD}") = "NodejsWebApp1", "NodejsWebApp1\NodejsWebApp1.njsproj", "{8E69097E-116A-49D7-8319-C8041F83881E}"
EndProject
Global
	GlobalSection(SolutionConfigurationPlatforms) = preSolution
		Debug|Any CPU = Debug|Any CPU
		Release|Any CPU = Release|Any CPU
	EndGlobalSection
	GlobalSection(ProjectConfigurationPlatforms) = postSolution
		{8E69097E-116A-49D7-8319-C8041F83881E}.Debug|Any CPU.ActiveCfg = Debug|Any CPU
		{8E69097E-116A-49D7-8319-C8041F83881E}.Debug|Any CPU.Build.0 = Debug|Any CPU
		{8E69097E-116A-49D7-8319-C8041F83881E}.Release|Any CPU.ActiveCfg = Release|Any CPU
		{8E69097E-116A-49D7-8319-C8041F83881E}.Release|Any CPU.Build.0 = Release|Any CPU
	EndGlobalSection
	GlobalSection(SolutionProperties) = preSolution
		HideSolutionNode = FALSE
	EndGlobalSection
	GlobalSection(ExtensibilityGlobals) = postSolution
		SolutionGuid = {5B895081-154A-4415-9B8C-5ED45AED7A86}
	EndGlobalSection
EndGlobal
